// !$*UTF8*$!
{
	archiveVersion = 1;
	classes = {
	};
	objectVersion = 56;
	objects = {

/* Begin PBXBuildFile section */
		19D73A8B2AE94640003571E7 /* AppDelegate.swift in Sources */ = {isa = PBXBuildFile; fileRef = 19D73A8A2AE94640003571E7 /* AppDelegate.swift */; };
		19D73A8D2AE94640003571E7 /* SceneDelegate.swift in Sources */ = {isa = PBXBuildFile; fileRef = 19D73A8C2AE94640003571E7 /* SceneDelegate.swift */; };
		19D73A8F2AE94640003571E7 /* ViewController.swift in Sources */ = {isa = PBXBuildFile; fileRef = 19D73A8E2AE94640003571E7 /* ViewController.swift */; };
		19D73A922AE94640003571E7 /* Main.storyboard in Resources */ = {isa = PBXBuildFile; fileRef = 19D73A902AE94640003571E7 /* Main.storyboard */; };
		19D73A942AE94642003571E7 /* Assets.xcassets in Resources */ = {isa = PBXBuildFile; fileRef = 19D73A932AE94642003571E7 /* Assets.xcassets */; };
		19D73A972AE94642003571E7 /* LaunchScreen.storyboard in Resources */ = {isa = PBXBuildFile; fileRef = 19D73A952AE94642003571E7 /* LaunchScreen.storyboard */; };
		19D73AA52AE9786D003571E7 /* JCCommonUnit.swift in Sources */ = {isa = PBXBuildFile; fileRef = 19D73AA42AE9786D003571E7 /* JCCommonUnit.swift */; };
		19FEB6AF2B348D18001E432B /* JCProgramProvider.m in Sources */ = {isa = PBXBuildFile; fileRef = 19FEB6AE2B348D18001E432B /* JCProgramProvider.m */; };
		19FEB6B22B349281001E432B /* VertexShader.vsh in Resources */ = {isa = PBXBuildFile; fileRef = 19FEB6B12B349281001E432B /* VertexShader.vsh */; };
		19FEB6B42B3492CD001E432B /* FragShader.fsh in Resources */ = {isa = PBXBuildFile; fileRef = 19FEB6B32B3492CD001E432B /* FragShader.fsh */; };
		4E0646472B95C03400C41077 /* JCPlayerVertexShader.vsh in Resources */ = {isa = PBXBuildFile; fileRef = 4E0646462B95C03400C41077 /* JCPlayerVertexShader.vsh */; };
		4E0646492B95C05400C41077 /* JCPlayerFragShader.fsh in Resources */ = {isa = PBXBuildFile; fileRef = 4E0646482B95C05400C41077 /* JCPlayerFragShader.fsh */; };
		4E118DA42B6F4A7300A49DD1 /* libavutil.a in Frameworks */ = {isa = PBXBuildFile; fileRef = 4E118D9D2B6F4A7300A49DD1 /* libavutil.a */; };
		4E118DA52B6F4A7300A49DD1 /* libavfilter.a in Frameworks */ = {isa = PBXBuildFile; fileRef = 4E118D9E2B6F4A7300A49DD1 /* libavfilter.a */; };
		4E118DA62B6F4A7300A49DD1 /* libavcodec.a in Frameworks */ = {isa = PBXBuildFile; fileRef = 4E118D9F2B6F4A7300A49DD1 /* libavcodec.a */; };
		4E118DA72B6F4A7300A49DD1 /* libavformat.a in Frameworks */ = {isa = PBXBuildFile; fileRef = 4E118DA02B6F4A7300A49DD1 /* libavformat.a */; };
		4E118DA82B6F4A7300A49DD1 /* libavdevice.a in Frameworks */ = {isa = PBXBuildFile; fileRef = 4E118DA12B6F4A7300A49DD1 /* libavdevice.a */; };
		4E118DA92B6F4A7300A49DD1 /* libswresample.a in Frameworks */ = {isa = PBXBuildFile; fileRef = 4E118DA22B6F4A7300A49DD1 /* libswresample.a */; };
		4E118DAA2B6F4A7300A49DD1 /* libswscale.a in Frameworks */ = {isa = PBXBuildFile; fileRef = 4E118DA32B6F4A7300A49DD1 /* libswscale.a */; };
		4E1C17682B639A5B00563325 /* JCStuckViewController.m in Sources */ = {isa = PBXBuildFile; fileRef = 4E1C17672B639A5B00563325 /* JCStuckViewController.m */; };
		4E1C176B2B639B1100563325 /* JCComplexTableViewCell.m in Sources */ = {isa = PBXBuildFile; fileRef = 4E1C176A2B639B1100563325 /* JCComplexTableViewCell.m */; };
		4E2806B92B273E5600ABFA68 /* JCSymbolParser.m in Sources */ = {isa = PBXBuildFile; fileRef = 4E2806B82B273E5600ABFA68 /* JCSymbolParser.m */; };
		4E28E25C2B26B89000ABFA68 /* JCStackFrameProvider.swift in Sources */ = {isa = PBXBuildFile; fileRef = 4E28E25B2B26B89000ABFA68 /* JCStackFrameProvider.swift */; };
		4E2A214F2AEF79D700F4DB35 /* JCTableViewController.swift in Sources */ = {isa = PBXBuildFile; fileRef = 4E2A214E2AEF79D700F4DB35 /* JCTableViewController.swift */; };
		4E2ABB5B2B3D37FA00882ECE /* JCPlayerVideoDecoder.m in Sources */ = {isa = PBXBuildFile; fileRef = 4E2ABB5A2B3D37FA00882ECE /* JCPlayerVideoDecoder.m */; };
		4E39F11A2AEB74C50054BAB0 /* Teemo.png in Resources */ = {isa = PBXBuildFile; fileRef = 4E39F1192AEB74C50054BAB0 /* Teemo.png */; };
		4E39F11C2AEB7DE60054BAB0 /* Akali.jpg in Resources */ = {isa = PBXBuildFile; fileRef = 4E39F11B2AEB7DE60054BAB0 /* Akali.jpg */; };
		4E39F11E2AEB7FB70054BAB0 /* Seraphine.jpg in Resources */ = {isa = PBXBuildFile; fileRef = 4E39F11D2AEB7FB60054BAB0 /* Seraphine.jpg */; };
		4E39F1202AEB81A30054BAB0 /* Riven.jpg in Resources */ = {isa = PBXBuildFile; fileRef = 4E39F11F2AEB81A30054BAB0 /* Riven.jpg */; };
		4E39F1222AEB81AC0054BAB0 /* Katarina.jpg in Resources */ = {isa = PBXBuildFile; fileRef = 4E39F1212AEB81AC0054BAB0 /* Katarina.jpg */; };
		4E39F1242AEB95990054BAB0 /* JCImageTableViewCell.swift in Sources */ = {isa = PBXBuildFile; fileRef = 4E39F1232AEB95990054BAB0 /* JCImageTableViewCell.swift */; };
		4E3F3AE12B679AE60002BC47 /* JCComplexTableViewAdapter.m in Sources */ = {isa = PBXBuildFile; fileRef = 4E3F3AE02B679AE60002BC47 /* JCComplexTableViewAdapter.m */; };
		4E3F3AE42B67C0C80002BC47 /* JCComplexTableViewCellModel.m in Sources */ = {isa = PBXBuildFile; fileRef = 4E3F3AE32B67C0C70002BC47 /* JCComplexTableViewCellModel.m */; };
		4E3F3AF12B67CE060002BC47 /* EmoticonQQ.bundle in Resources */ = {isa = PBXBuildFile; fileRef = 4E3F3AF02B67CE060002BC47 /* EmoticonQQ.bundle */; };
		4E3F3AF62B68B3170002BC47 /* Package.json in Resources */ = {isa = PBXBuildFile; fileRef = 4E3F3AF52B68B3170002BC47 /* Package.json */; };
		4E3FABA82B6A23000002BC47 /* JCStuckDetectorX.m in Sources */ = {isa = PBXBuildFile; fileRef = 4E3FABA72B6A23000002BC47 /* JCStuckDetectorX.m */; };
		4E3FABB02B6A3CDF0002BC47 /* JCStuckInfoStorage.m in Sources */ = {isa = PBXBuildFile; fileRef = 4E3FABAF2B6A3CDF0002BC47 /* JCStuckInfoStorage.m */; };
		4E49CC782B6B6B55007FCD06 /* JCFreshTableViewController.m in Sources */ = {isa = PBXBuildFile; fileRef = 4E49CC772B6B6B55007FCD06 /* JCFreshTableViewController.m */; };
		4E49CC7B2B6B6CB1007FCD06 /* JCFreshTableViewAdapter.m in Sources */ = {isa = PBXBuildFile; fileRef = 4E49CC7A2B6B6CB1007FCD06 /* JCFreshTableViewAdapter.m */; };
		4E49CC832B6B7623007FCD06 /* JCViewHookModule.m in Sources */ = {isa = PBXBuildFile; fileRef = 4E49CC822B6B7623007FCD06 /* JCViewHookModule.m */; };
		4E5AE59B2B6F8432004BD032 /* StreetScenery.mp4 in Resources */ = {isa = PBXBuildFile; fileRef = 4E5AE59A2B6F8432004BD032 /* StreetScenery.mp4 */; };
		4E5AE59F2B6FA692004BD032 /* JCPlayerVideoFrame.m in Sources */ = {isa = PBXBuildFile; fileRef = 4E5AE59E2B6FA692004BD032 /* JCPlayerVideoFrame.m */; };
		4E5AE5A32B70BD39004BD032 /* JCPlayerRenderView.m in Sources */ = {isa = PBXBuildFile; fileRef = 4E5AE5A22B70BD39004BD032 /* JCPlayerRenderView.m */; };
		4E5CDF4F2B9AFE5C003F46A0 /* JCPlayerVideoInfo.m in Sources */ = {isa = PBXBuildFile; fileRef = 4E5CDF4E2B9AFE5C003F46A0 /* JCPlayerVideoInfo.m */; };
		4E5D338E2AF8E3E50049DEE1 /* JCAudioUnit.swift in Sources */ = {isa = PBXBuildFile; fileRef = 4E5D338D2AF8E3E50049DEE1 /* JCAudioUnit.swift */; };
		4E5E0FE72BA2F05700FB7F9B /* JCPlayerAsynModuleDefine.m in Sources */ = {isa = PBXBuildFile; fileRef = 4E5E0FE62BA2F05700FB7F9B /* JCPlayerAsynModuleDefine.m */; };
		4E7134942B15E9C9002A7DC3 /* JCGLViewController.swift in Sources */ = {isa = PBXBuildFile; fileRef = 4E7134932B15E9C9002A7DC3 /* JCGLViewController.swift */; };
		4E87CAFD2B85C938005D7A63 /* JCPlayerDecoder.m in Sources */ = {isa = PBXBuildFile; fileRef = 4E87CAFC2B85C938005D7A63 /* JCPlayerDecoder.m */; };
		4EA815B42B387F3C00E28F0A /* JCEAGLView.m in Sources */ = {isa = PBXBuildFile; fileRef = 4EA815B32B387F3C00E28F0A /* JCEAGLView.m */; };
		4EA815B72B388AF800E28F0A /* JCProgramArena.m in Sources */ = {isa = PBXBuildFile; fileRef = 4EA815B62B388AF800E28F0A /* JCProgramArena.m */; };
		4EAA8B412B46CFA000CE4C67 /* JCLeaksViewController.m in Sources */ = {isa = PBXBuildFile; fileRef = 4EAA8B402B46CFA000CE4C67 /* JCLeaksViewController.m */; };
		4EBFCC6D2BA1C007008BDAE8 /* JCPlayerSyncController.m in Sources */ = {isa = PBXBuildFile; fileRef = 4EBFCC6C2BA1C007008BDAE8 /* JCPlayerSyncController.m */; };
		4EC6254F2B54FE5500F4CA55 /* JCPlayerAudioDecoder.m in Sources */ = {isa = PBXBuildFile; fileRef = 4EC6254E2B54FE5500F4CA55 /* JCPlayerAudioDecoder.m */; };
		4EC625542B54FE9700F4CA55 /* JCPlayerViewController.m in Sources */ = {isa = PBXBuildFile; fileRef = 4EC625532B54FE9700F4CA55 /* JCPlayerViewController.m */; };
		4ED08C162AECD75400E6CF4A /* JCImageLoader.swift in Sources */ = {isa = PBXBuildFile; fileRef = 4ED08C152AECD75400E6CF4A /* JCImageLoader.swift */; };
		4ED4210C2B3DA89C006A6C1D /* libz.tbd in Frameworks */ = {isa = PBXBuildFile; fileRef = 4ED4210B2B3DA89C006A6C1D /* libz.tbd */; };
		4ED4210E2B3DA8AE006A6C1D /* libbz2.tbd in Frameworks */ = {isa = PBXBuildFile; fileRef = 4ED4210D2B3DA8AE006A6C1D /* libbz2.tbd */; };
		4ED421102B3DA8B8006A6C1D /* libiconv.tbd in Frameworks */ = {isa = PBXBuildFile; fileRef = 4ED4210F2B3DA8B8006A6C1D /* libiconv.tbd */; };
		4ED421122B3DA8D0006A6C1D /* CoreMedia.framework in Frameworks */ = {isa = PBXBuildFile; fileRef = 4ED421112B3DA8D0006A6C1D /* CoreMedia.framework */; };
		4ED421142B3DA8DA006A6C1D /* AVFoundation.framework in Frameworks */ = {isa = PBXBuildFile; fileRef = 4ED421132B3DA8DA006A6C1D /* AVFoundation.framework */; };
		4ED421162B3DA8E4006A6C1D /* VideoToolbox.framework in Frameworks */ = {isa = PBXBuildFile; fileRef = 4ED421152B3DA8E4006A6C1D /* VideoToolbox.framework */; };
		4ED421182B3DA8ED006A6C1D /* AudioToolbox.framework in Frameworks */ = {isa = PBXBuildFile; fileRef = 4ED421172B3DA8ED006A6C1D /* AudioToolbox.framework */; };
		4ED445CA2B3E8EC6006A6C1D /* Fireworks.mov in Resources */ = {isa = PBXBuildFile; fileRef = 4ED445C92B3E8EC6006A6C1D /* Fireworks.mov */; };
		4ED5D1C42B445835009AD6AE /* JCStuckDetector.m in Sources */ = {isa = PBXBuildFile; fileRef = 4ED5D1C32B445835009AD6AE /* JCStuckDetector.m */; };
		4EEC9A322B20935500DBA33A /* JCStackFrameCatcher.m in Sources */ = {isa = PBXBuildFile; fileRef = 4EEC9A312B20935500DBA33A /* JCStackFrameCatcher.m */; };
		4EF77CEA2BA32AED001FE31B /* JCPlayerDecoderTools.m in Sources */ = {isa = PBXBuildFile; fileRef = 4EF77CE92BA32AED001FE31B /* JCPlayerDecoderTools.m */; };
		4EFAE8142B6B39B5002CC770 /* JCStuckMaker.m in Sources */ = {isa = PBXBuildFile; fileRef = 4EFAE8132B6B39B5002CC770 /* JCStuckMaker.m */; };
		5CD8D4792E16A99F842BA400 /* libPods-JCImage.a in Frameworks */ = {isa = PBXBuildFile; fileRef = 60EE499D31F6D8017A8490C5 /* libPods-JCImage.a */; };
/* End PBXBuildFile section */

/* Begin PBXFileReference section */
		16E8C841733ED2E08BFBE8CB /* Pods-JCImage.release.xcconfig */ = {isa = PBXFileReference; includeInIndex = 1; lastKnownFileType = text.xcconfig; name = "Pods-JCImage.release.xcconfig"; path = "Target Support Files/Pods-JCImage/Pods-JCImage.release.xcconfig"; sourceTree = "<group>"; };
		19D73A872AE94640003571E7 /* JCImage.app */ = {isa = PBXFileReference; explicitFileType = wrapper.application; includeInIndex = 0; path = JCImage.app; sourceTree = BUILT_PRODUCTS_DIR; };
		19D73A8A2AE94640003571E7 /* AppDelegate.swift */ = {isa = PBXFileReference; lastKnownFileType = sourcecode.swift; path = AppDelegate.swift; sourceTree = "<group>"; };
		19D73A8C2AE94640003571E7 /* SceneDelegate.swift */ = {isa = PBXFileReference; lastKnownFileType = sourcecode.swift; path = SceneDelegate.swift; sourceTree = "<group>"; };
		19D73A8E2AE94640003571E7 /* ViewController.swift */ = {isa = PBXFileReference; lastKnownFileType = sourcecode.swift; path = ViewController.swift; sourceTree = "<group>"; };
		19D73A912AE94640003571E7 /* Base */ = {isa = PBXFileReference; lastKnownFileType = file.storyboard; name = Base; path = Base.lproj/Main.storyboard; sourceTree = "<group>"; };
		19D73A932AE94642003571E7 /* Assets.xcassets */ = {isa = PBXFileReference; lastKnownFileType = folder.assetcatalog; path = Assets.xcassets; sourceTree = "<group>"; };
		19D73A962AE94642003571E7 /* Base */ = {isa = PBXFileReference; lastKnownFileType = file.storyboard; name = Base; path = Base.lproj/LaunchScreen.storyboard; sourceTree = "<group>"; };
		19D73A982AE94642003571E7 /* Info.plist */ = {isa = PBXFileReference; lastKnownFileType = text.plist.xml; path = Info.plist; sourceTree = "<group>"; };
		19D73AA42AE9786D003571E7 /* JCCommonUnit.swift */ = {isa = PBXFileReference; lastKnownFileType = sourcecode.swift; path = JCCommonUnit.swift; sourceTree = "<group>"; };
		19FEB6AD2B348D18001E432B /* JCProgramProvider.h */ = {isa = PBXFileReference; lastKnownFileType = sourcecode.c.h; path = JCProgramProvider.h; sourceTree = "<group>"; };
		19FEB6AE2B348D18001E432B /* JCProgramProvider.m */ = {isa = PBXFileReference; lastKnownFileType = sourcecode.c.objc; path = JCProgramProvider.m; sourceTree = "<group>"; };
		19FEB6B12B349281001E432B /* VertexShader.vsh */ = {isa = PBXFileReference; lastKnownFileType = sourcecode.glsl; path = VertexShader.vsh; sourceTree = "<group>"; };
		19FEB6B32B3492CD001E432B /* FragShader.fsh */ = {isa = PBXFileReference; lastKnownFileType = sourcecode.glsl; path = FragShader.fsh; sourceTree = "<group>"; };
		4E0646462B95C03400C41077 /* JCPlayerVertexShader.vsh */ = {isa = PBXFileReference; lastKnownFileType = sourcecode.glsl; path = JCPlayerVertexShader.vsh; sourceTree = "<group>"; };
		4E0646482B95C05400C41077 /* JCPlayerFragShader.fsh */ = {isa = PBXFileReference; lastKnownFileType = sourcecode.glsl; path = JCPlayerFragShader.fsh; sourceTree = "<group>"; };
		4E118D1B2B6F4A7300A49DD1 /* version.h */ = {isa = PBXFileReference; fileEncoding = 4; lastKnownFileType = sourcecode.c.h; path = version.h; sourceTree = "<group>"; };
		4E118D1C2B6F4A7300A49DD1 /* buffersrc.h */ = {isa = PBXFileReference; fileEncoding = 4; lastKnownFileType = sourcecode.c.h; path = buffersrc.h; sourceTree = "<group>"; };
		4E118D1D2B6F4A7300A49DD1 /* buffersink.h */ = {isa = PBXFileReference; fileEncoding = 4; lastKnownFileType = sourcecode.c.h; path = buffersink.h; sourceTree = "<group>"; };
		4E118D1E2B6F4A7300A49DD1 /* avfilter.h */ = {isa = PBXFileReference; fileEncoding = 4; lastKnownFileType = sourcecode.c.h; path = avfilter.h; sourceTree = "<group>"; };
		4E118D202B6F4A7300A49DD1 /* hwcontext.h */ = {isa = PBXFileReference; fileEncoding = 4; lastKnownFileType = sourcecode.c.h; path = hwcontext.h; sourceTree = "<group>"; };
		4E118D212B6F4A7300A49DD1 /* time.h */ = {isa = PBXFileReference; fileEncoding = 4; lastKnownFileType = sourcecode.c.h; path = time.h; sourceTree = "<group>"; };
		4E118D222B6F4A7300A49DD1 /* hwcontext_cuda.h */ = {isa = PBXFileReference; fileEncoding = 4; lastKnownFileType = sourcecode.c.h; path = hwcontext_cuda.h; sourceTree = "<group>"; };
		4E118D232B6F4A7300A49DD1 /* intfloat.h */ = {isa = PBXFileReference; fileEncoding = 4; lastKnownFileType = sourcecode.c.h; path = intfloat.h; sourceTree = "<group>"; };
		4E118D242B6F4A7300A49DD1 /* error.h */ = {isa = PBXFileReference; fileEncoding = 4; lastKnownFileType = sourcecode.c.h; path = error.h; sourceTree = "<group>"; };
		4E118D252B6F4A7300A49DD1 /* fifo.h */ = {isa = PBXFileReference; fileEncoding = 4; lastKnownFileType = sourcecode.c.h; path = fifo.h; sourceTree = "<group>"; };
		4E118D262B6F4A7300A49DD1 /* blowfish.h */ = {isa = PBXFileReference; fileEncoding = 4; lastKnownFileType = sourcecode.c.h; path = blowfish.h; sourceTree = "<group>"; };
		4E118D272B6F4A7300A49DD1 /* hwcontext_mediacodec.h */ = {isa = PBXFileReference; fileEncoding = 4; lastKnownFileType = sourcecode.c.h; path = hwcontext_mediacodec.h; sourceTree = "<group>"; };
		4E118D282B6F4A7300A49DD1 /* replaygain.h */ = {isa = PBXFileReference; fileEncoding = 4; lastKnownFileType = sourcecode.c.h; path = replaygain.h; sourceTree = "<group>"; };
		4E118D292B6F4A7300A49DD1 /* version.h */ = {isa = PBXFileReference; fileEncoding = 4; lastKnownFileType = sourcecode.c.h; path = version.h; sourceTree = "<group>"; };
		4E118D2A2B6F4A7300A49DD1 /* murmur3.h */ = {isa = PBXFileReference; fileEncoding = 4; lastKnownFileType = sourcecode.c.h; path = murmur3.h; sourceTree = "<group>"; };
		4E118D2B2B6F4A7300A49DD1 /* stereo3d.h */ = {isa = PBXFileReference; fileEncoding = 4; lastKnownFileType = sourcecode.c.h; path = stereo3d.h; sourceTree = "<group>"; };
		4E118D2C2B6F4A7300A49DD1 /* samplefmt.h */ = {isa = PBXFileReference; fileEncoding = 4; lastKnownFileType = sourcecode.c.h; path = samplefmt.h; sourceTree = "<group>"; };
		4E118D2D2B6F4A7300A49DD1 /* pixdesc.h */ = {isa = PBXFileReference; fileEncoding = 4; lastKnownFileType = sourcecode.c.h; path = pixdesc.h; sourceTree = "<group>"; };
		4E118D2E2B6F4A7300A49DD1 /* base64.h */ = {isa = PBXFileReference; fileEncoding = 4; lastKnownFileType = sourcecode.c.h; path = base64.h; sourceTree = "<group>"; };
		4E118D2F2B6F4A7300A49DD1 /* rational.h */ = {isa = PBXFileReference; fileEncoding = 4; lastKnownFileType = sourcecode.c.h; path = rational.h; sourceTree = "<group>"; };
		4E118D302B6F4A7300A49DD1 /* sha.h */ = {isa = PBXFileReference; fileEncoding = 4; lastKnownFileType = sourcecode.c.h; path = sha.h; sourceTree = "<group>"; };
		4E118D312B6F4A7300A49DD1 /* motion_vector.h */ = {isa = PBXFileReference; fileEncoding = 4; lastKnownFileType = sourcecode.c.h; path = motion_vector.h; sourceTree = "<group>"; };
		4E118D322B6F4A7300A49DD1 /* avconfig.h */ = {isa = PBXFileReference; fileEncoding = 4; lastKnownFileType = sourcecode.c.h; path = avconfig.h; sourceTree = "<group>"; };
		4E118D332B6F4A7300A49DD1 /* lfg.h */ = {isa = PBXFileReference; fileEncoding = 4; lastKnownFileType = sourcecode.c.h; path = lfg.h; sourceTree = "<group>"; };
		4E118D342B6F4A7300A49DD1 /* avutil.h */ = {isa = PBXFileReference; fileEncoding = 4; lastKnownFileType = sourcecode.c.h; path = avutil.h; sourceTree = "<group>"; };
		4E118D352B6F4A7300A49DD1 /* hwcontext_vulkan.h */ = {isa = PBXFileReference; fileEncoding = 4; lastKnownFileType = sourcecode.c.h; path = hwcontext_vulkan.h; sourceTree = "<group>"; };
		4E118D362B6F4A7300A49DD1 /* xtea.h */ = {isa = PBXFileReference; fileEncoding = 4; lastKnownFileType = sourcecode.c.h; path = xtea.h; sourceTree = "<group>"; };
		4E118D372B6F4A7300A49DD1 /* crc.h */ = {isa = PBXFileReference; fileEncoding = 4; lastKnownFileType = sourcecode.c.h; path = crc.h; sourceTree = "<group>"; };
		4E118D382B6F4A7300A49DD1 /* hwcontext_vdpau.h */ = {isa = PBXFileReference; fileEncoding = 4; lastKnownFileType = sourcecode.c.h; path = hwcontext_vdpau.h; sourceTree = "<group>"; };
		4E118D392B6F4A7300A49DD1 /* frame.h */ = {isa = PBXFileReference; fileEncoding = 4; lastKnownFileType = sourcecode.c.h; path = frame.h; sourceTree = "<group>"; };
		4E118D3A2B6F4A7300A49DD1 /* file.h */ = {isa = PBXFileReference; fileEncoding = 4; lastKnownFileType = sourcecode.c.h; path = file.h; sourceTree = "<group>"; };
		4E118D3B2B6F4A7300A49DD1 /* md5.h */ = {isa = PBXFileReference; fileEncoding = 4; lastKnownFileType = sourcecode.c.h; path = md5.h; sourceTree = "<group>"; };
		4E118D3C2B6F4A7300A49DD1 /* cast5.h */ = {isa = PBXFileReference; fileEncoding = 4; lastKnownFileType = sourcecode.c.h; path = cast5.h; sourceTree = "<group>"; };
		4E118D3D2B6F4A7300A49DD1 /* hwcontext_vaapi.h */ = {isa = PBXFileReference; fileEncoding = 4; lastKnownFileType = sourcecode.c.h; path = hwcontext_vaapi.h; sourceTree = "<group>"; };
		4E118D3E2B6F4A7300A49DD1 /* spherical.h */ = {isa = PBXFileReference; fileEncoding = 4; lastKnownFileType = sourcecode.c.h; path = spherical.h; sourceTree = "<group>"; };
		4E118D3F2B6F4A7300A49DD1 /* ffversion.h */ = {isa = PBXFileReference; fileEncoding = 4; lastKnownFileType = sourcecode.c.h; path = ffversion.h; sourceTree = "<group>"; };
		4E118D402B6F4A7300A49DD1 /* hwcontext_opencl.h */ = {isa = PBXFileReference; fileEncoding = 4; lastKnownFileType = sourcecode.c.h; path = hwcontext_opencl.h; sourceTree = "<group>"; };
		4E118D412B6F4A7300A49DD1 /* audio_fifo.h */ = {isa = PBXFileReference; fileEncoding = 4; lastKnownFileType = sourcecode.c.h; path = audio_fifo.h; sourceTree = "<group>"; };
		4E118D422B6F4A7300A49DD1 /* tree.h */ = {isa = PBXFileReference; fileEncoding = 4; lastKnownFileType = sourcecode.c.h; path = tree.h; sourceTree = "<group>"; };
		4E118D432B6F4A7300A49DD1 /* threadmessage.h */ = {isa = PBXFileReference; fileEncoding = 4; lastKnownFileType = sourcecode.c.h; path = threadmessage.h; sourceTree = "<group>"; };
		4E118D442B6F4A7300A49DD1 /* attributes.h */ = {isa = PBXFileReference; fileEncoding = 4; lastKnownFileType = sourcecode.c.h; path = attributes.h; sourceTree = "<group>"; };
		4E118D452B6F4A7300A49DD1 /* adler32.h */ = {isa = PBXFileReference; fileEncoding = 4; lastKnownFileType = sourcecode.c.h; path = adler32.h; sourceTree = "<group>"; };
		4E118D462B6F4A7300A49DD1 /* hwcontext_d3d11va.h */ = {isa = PBXFileReference; fileEncoding = 4; lastKnownFileType = sourcecode.c.h; path = hwcontext_d3d11va.h; sourceTree = "<group>"; };
		4E118D472B6F4A7300A49DD1 /* timecode.h */ = {isa = PBXFileReference; fileEncoding = 4; lastKnownFileType = sourcecode.c.h; path = timecode.h; sourceTree = "<group>"; };
		4E118D482B6F4A7300A49DD1 /* dovi_meta.h */ = {isa = PBXFileReference; fileEncoding = 4; lastKnownFileType = sourcecode.c.h; path = dovi_meta.h; sourceTree = "<group>"; };
		4E118D492B6F4A7300A49DD1 /* tx.h */ = {isa = PBXFileReference; fileEncoding = 4; lastKnownFileType = sourcecode.c.h; path = tx.h; sourceTree = "<group>"; };
		4E118D4A2B6F4A7300A49DD1 /* sha512.h */ = {isa = PBXFileReference; fileEncoding = 4; lastKnownFileType = sourcecode.c.h; path = sha512.h; sourceTree = "<group>"; };
		4E118D4B2B6F4A7300A49DD1 /* hwcontext_dxva2.h */ = {isa = PBXFileReference; fileEncoding = 4; lastKnownFileType = sourcecode.c.h; path = hwcontext_dxva2.h; sourceTree = "<group>"; };
		4E118D4C2B6F4A7300A49DD1 /* display.h */ = {isa = PBXFileReference; fileEncoding = 4; lastKnownFileType = sourcecode.c.h; path = display.h; sourceTree = "<group>"; };
		4E118D4D2B6F4A7300A49DD1 /* buffer.h */ = {isa = PBXFileReference; fileEncoding = 4; lastKnownFileType = sourcecode.c.h; path = buffer.h; sourceTree = "<group>"; };
		4E118D4E2B6F4A7300A49DD1 /* camellia.h */ = {isa = PBXFileReference; fileEncoding = 4; lastKnownFileType = sourcecode.c.h; path = camellia.h; sourceTree = "<group>"; };
		4E118D4F2B6F4A7300A49DD1 /* pixelutils.h */ = {isa = PBXFileReference; fileEncoding = 4; lastKnownFileType = sourcecode.c.h; path = pixelutils.h; sourceTree = "<group>"; };
		4E118D502B6F4A7300A49DD1 /* hwcontext_drm.h */ = {isa = PBXFileReference; fileEncoding = 4; lastKnownFileType = sourcecode.c.h; path = hwcontext_drm.h; sourceTree = "<group>"; };
		4E118D512B6F4A7300A49DD1 /* common.h */ = {isa = PBXFileReference; fileEncoding = 4; lastKnownFileType = sourcecode.c.h; path = common.h; sourceTree = "<group>"; };
		4E118D522B6F4A7300A49DD1 /* hmac.h */ = {isa = PBXFileReference; fileEncoding = 4; lastKnownFileType = sourcecode.c.h; path = hmac.h; sourceTree = "<group>"; };
		4E118D532B6F4A7300A49DD1 /* eval.h */ = {isa = PBXFileReference; fileEncoding = 4; lastKnownFileType = sourcecode.c.h; path = eval.h; sourceTree = "<group>"; };
		4E118D542B6F4A7300A49DD1 /* dict.h */ = {isa = PBXFileReference; fileEncoding = 4; lastKnownFileType = sourcecode.c.h; path = dict.h; sourceTree = "<group>"; };
		4E118D552B6F4A7300A49DD1 /* random_seed.h */ = {isa = PBXFileReference; fileEncoding = 4; lastKnownFileType = sourcecode.c.h; path = random_seed.h; sourceTree = "<group>"; };
		4E118D562B6F4A7300A49DD1 /* opt.h */ = {isa = PBXFileReference; fileEncoding = 4; lastKnownFileType = sourcecode.c.h; path = opt.h; sourceTree = "<group>"; };
		4E118D572B6F4A7300A49DD1 /* mastering_display_metadata.h */ = {isa = PBXFileReference; fileEncoding = 4; lastKnownFileType = sourcecode.c.h; path = mastering_display_metadata.h; sourceTree = "<group>"; };
		4E118D582B6F4A7300A49DD1 /* log.h */ = {isa = PBXFileReference; fileEncoding = 4; lastKnownFileType = sourcecode.c.h; path = log.h; sourceTree = "<group>"; };
		4E118D592B6F4A7300A49DD1 /* aes.h */ = {isa = PBXFileReference; fileEncoding = 4; lastKnownFileType = sourcecode.c.h; path = aes.h; sourceTree = "<group>"; };
		4E118D5A2B6F4A7300A49DD1 /* macros.h */ = {isa = PBXFileReference; fileEncoding = 4; lastKnownFileType = sourcecode.c.h; path = macros.h; sourceTree = "<group>"; };
		4E118D5B2B6F4A7300A49DD1 /* bswap.h */ = {isa = PBXFileReference; fileEncoding = 4; lastKnownFileType = sourcecode.c.h; path = bswap.h; sourceTree = "<group>"; };
		4E118D5C2B6F4A7300A49DD1 /* rc4.h */ = {isa = PBXFileReference; fileEncoding = 4; lastKnownFileType = sourcecode.c.h; path = rc4.h; sourceTree = "<group>"; };
		4E118D5D2B6F4A7300A49DD1 /* tea.h */ = {isa = PBXFileReference; fileEncoding = 4; lastKnownFileType = sourcecode.c.h; path = tea.h; sourceTree = "<group>"; };
		4E118D5E2B6F4A7300A49DD1 /* cpu.h */ = {isa = PBXFileReference; fileEncoding = 4; lastKnownFileType = sourcecode.c.h; path = cpu.h; sourceTree = "<group>"; };
		4E118D5F2B6F4A7300A49DD1 /* lzo.h */ = {isa = PBXFileReference; fileEncoding = 4; lastKnownFileType = sourcecode.c.h; path = lzo.h; sourceTree = "<group>"; };
		4E118D602B6F4A7300A49DD1 /* des.h */ = {isa = PBXFileReference; fileEncoding = 4; lastKnownFileType = sourcecode.c.h; path = des.h; sourceTree = "<group>"; };
		4E118D612B6F4A7300A49DD1 /* channel_layout.h */ = {isa = PBXFileReference; fileEncoding = 4; lastKnownFileType = sourcecode.c.h; path = channel_layout.h; sourceTree = "<group>"; };
		4E118D622B6F4A7300A49DD1 /* encryption_info.h */ = {isa = PBXFileReference; fileEncoding = 4; lastKnownFileType = sourcecode.c.h; path = encryption_info.h; sourceTree = "<group>"; };
		4E118D632B6F4A7300A49DD1 /* twofish.h */ = {isa = PBXFileReference; fileEncoding = 4; lastKnownFileType = sourcecode.c.h; path = twofish.h; sourceTree = "<group>"; };
		4E118D642B6F4A7300A49DD1 /* imgutils.h */ = {isa = PBXFileReference; fileEncoding = 4; lastKnownFileType = sourcecode.c.h; path = imgutils.h; sourceTree = "<group>"; };
		4E118D652B6F4A7300A49DD1 /* hwcontext_videotoolbox.h */ = {isa = PBXFileReference; fileEncoding = 4; lastKnownFileType = sourcecode.c.h; path = hwcontext_videotoolbox.h; sourceTree = "<group>"; };
		4E118D662B6F4A7300A49DD1 /* video_enc_params.h */ = {isa = PBXFileReference; fileEncoding = 4; lastKnownFileType = sourcecode.c.h; path = video_enc_params.h; sourceTree = "<group>"; };
		4E118D672B6F4A7300A49DD1 /* mem.h */ = {isa = PBXFileReference; fileEncoding = 4; lastKnownFileType = sourcecode.c.h; path = mem.h; sourceTree = "<group>"; };
		4E118D682B6F4A7300A49DD1 /* parseutils.h */ = {isa = PBXFileReference; fileEncoding = 4; lastKnownFileType = sourcecode.c.h; path = parseutils.h; sourceTree = "<group>"; };
		4E118D692B6F4A7300A49DD1 /* ripemd.h */ = {isa = PBXFileReference; fileEncoding = 4; lastKnownFileType = sourcecode.c.h; path = ripemd.h; sourceTree = "<group>"; };
		4E118D6A2B6F4A7300A49DD1 /* bprint.h */ = {isa = PBXFileReference; fileEncoding = 4; lastKnownFileType = sourcecode.c.h; path = bprint.h; sourceTree = "<group>"; };
		4E118D6B2B6F4A7300A49DD1 /* hdr_dynamic_metadata.h */ = {isa = PBXFileReference; fileEncoding = 4; lastKnownFileType = sourcecode.c.h; path = hdr_dynamic_metadata.h; sourceTree = "<group>"; };
		4E118D6C2B6F4A7300A49DD1 /* hwcontext_qsv.h */ = {isa = PBXFileReference; fileEncoding = 4; lastKnownFileType = sourcecode.c.h; path = hwcontext_qsv.h; sourceTree = "<group>"; };
		4E118D6D2B6F4A7300A49DD1 /* pixfmt.h */ = {isa = PBXFileReference; fileEncoding = 4; lastKnownFileType = sourcecode.c.h; path = pixfmt.h; sourceTree = "<group>"; };
		4E118D6E2B6F4A7300A49DD1 /* aes_ctr.h */ = {isa = PBXFileReference; fileEncoding = 4; lastKnownFileType = sourcecode.c.h; path = aes_ctr.h; sourceTree = "<group>"; };
		4E118D6F2B6F4A7300A49DD1 /* timestamp.h */ = {isa = PBXFileReference; fileEncoding = 4; lastKnownFileType = sourcecode.c.h; path = timestamp.h; sourceTree = "<group>"; };
		4E118D702B6F4A7300A49DD1 /* downmix_info.h */ = {isa = PBXFileReference; fileEncoding = 4; lastKnownFileType = sourcecode.c.h; path = downmix_info.h; sourceTree = "<group>"; };
		4E118D712B6F4A7300A49DD1 /* avassert.h */ = {isa = PBXFileReference; fileEncoding = 4; lastKnownFileType = sourcecode.c.h; path = avassert.h; sourceTree = "<group>"; };
		4E118D722B6F4A7300A49DD1 /* hash.h */ = {isa = PBXFileReference; fileEncoding = 4; lastKnownFileType = sourcecode.c.h; path = hash.h; sourceTree = "<group>"; };
		4E118D732B6F4A7300A49DD1 /* mathematics.h */ = {isa = PBXFileReference; fileEncoding = 4; lastKnownFileType = sourcecode.c.h; path = mathematics.h; sourceTree = "<group>"; };
		4E118D742B6F4A7300A49DD1 /* intreadwrite.h */ = {isa = PBXFileReference; fileEncoding = 4; lastKnownFileType = sourcecode.c.h; path = intreadwrite.h; sourceTree = "<group>"; };
		4E118D752B6F4A7300A49DD1 /* avstring.h */ = {isa = PBXFileReference; fileEncoding = 4; lastKnownFileType = sourcecode.c.h; path = avstring.h; sourceTree = "<group>"; };
		4E118D772B6F4A7300A49DD1 /* version.h */ = {isa = PBXFileReference; fileEncoding = 4; lastKnownFileType = sourcecode.c.h; path = version.h; sourceTree = "<group>"; };
		4E118D782B6F4A7300A49DD1 /* avdevice.h */ = {isa = PBXFileReference; fileEncoding = 4; lastKnownFileType = sourcecode.c.h; path = avdevice.h; sourceTree = "<group>"; };
		4E118D7A2B6F4A7300A49DD1 /* version.h */ = {isa = PBXFileReference; fileEncoding = 4; lastKnownFileType = sourcecode.c.h; path = version.h; sourceTree = "<group>"; };
		4E118D7B2B6F4A7300A49DD1 /* avio.h */ = {isa = PBXFileReference; fileEncoding = 4; lastKnownFileType = sourcecode.c.h; path = avio.h; sourceTree = "<group>"; };
		4E118D7C2B6F4A7300A49DD1 /* avformat.h */ = {isa = PBXFileReference; fileEncoding = 4; lastKnownFileType = sourcecode.c.h; path = avformat.h; sourceTree = "<group>"; };
		4E118D7E2B6F4A7300A49DD1 /* version.h */ = {isa = PBXFileReference; fileEncoding = 4; lastKnownFileType = sourcecode.c.h; path = version.h; sourceTree = "<group>"; };
		4E118D7F2B6F4A7300A49DD1 /* swscale.h */ = {isa = PBXFileReference; fileEncoding = 4; lastKnownFileType = sourcecode.c.h; path = swscale.h; sourceTree = "<group>"; };
		4E118D812B6F4A7300A49DD1 /* adts_parser.h */ = {isa = PBXFileReference; fileEncoding = 4; lastKnownFileType = sourcecode.c.h; path = adts_parser.h; sourceTree = "<group>"; };
		4E118D822B6F4A7300A49DD1 /* avcodec.h */ = {isa = PBXFileReference; fileEncoding = 4; lastKnownFileType = sourcecode.c.h; path = avcodec.h; sourceTree = "<group>"; };
		4E118D832B6F4A7300A49DD1 /* version.h */ = {isa = PBXFileReference; fileEncoding = 4; lastKnownFileType = sourcecode.c.h; path = version.h; sourceTree = "<group>"; };
		4E118D842B6F4A7300A49DD1 /* vdpau.h */ = {isa = PBXFileReference; fileEncoding = 4; lastKnownFileType = sourcecode.c.h; path = vdpau.h; sourceTree = "<group>"; };
		4E118D852B6F4A7300A49DD1 /* codec_par.h */ = {isa = PBXFileReference; fileEncoding = 4; lastKnownFileType = sourcecode.c.h; path = codec_par.h; sourceTree = "<group>"; };
		4E118D862B6F4A7300A49DD1 /* qsv.h */ = {isa = PBXFileReference; fileEncoding = 4; lastKnownFileType = sourcecode.c.h; path = qsv.h; sourceTree = "<group>"; };
		4E118D872B6F4A7300A49DD1 /* vaapi.h */ = {isa = PBXFileReference; fileEncoding = 4; lastKnownFileType = sourcecode.c.h; path = vaapi.h; sourceTree = "<group>"; };
		4E118D882B6F4A7300A49DD1 /* codec_desc.h */ = {isa = PBXFileReference; fileEncoding = 4; lastKnownFileType = sourcecode.c.h; path = codec_desc.h; sourceTree = "<group>"; };
		4E118D892B6F4A7300A49DD1 /* videotoolbox.h */ = {isa = PBXFileReference; fileEncoding = 4; lastKnownFileType = sourcecode.c.h; path = videotoolbox.h; sourceTree = "<group>"; };
		4E118D8A2B6F4A7300A49DD1 /* xvmc.h */ = {isa = PBXFileReference; fileEncoding = 4; lastKnownFileType = sourcecode.c.h; path = xvmc.h; sourceTree = "<group>"; };
		4E118D8B2B6F4A7300A49DD1 /* mediacodec.h */ = {isa = PBXFileReference; fileEncoding = 4; lastKnownFileType = sourcecode.c.h; path = mediacodec.h; sourceTree = "<group>"; };
		4E118D8C2B6F4A7300A49DD1 /* d3d11va.h */ = {isa = PBXFileReference; fileEncoding = 4; lastKnownFileType = sourcecode.c.h; path = d3d11va.h; sourceTree = "<group>"; };
		4E118D8D2B6F4A7300A49DD1 /* avfft.h */ = {isa = PBXFileReference; fileEncoding = 4; lastKnownFileType = sourcecode.c.h; path = avfft.h; sourceTree = "<group>"; };
		4E118D8E2B6F4A7300A49DD1 /* codec.h */ = {isa = PBXFileReference; fileEncoding = 4; lastKnownFileType = sourcecode.c.h; path = codec.h; sourceTree = "<group>"; };
		4E118D8F2B6F4A7300A49DD1 /* jni.h */ = {isa = PBXFileReference; fileEncoding = 4; lastKnownFileType = sourcecode.c.h; path = jni.h; sourceTree = "<group>"; };
		4E118D902B6F4A7300A49DD1 /* packet.h */ = {isa = PBXFileReference; fileEncoding = 4; lastKnownFileType = sourcecode.c.h; path = packet.h; sourceTree = "<group>"; };
		4E118D912B6F4A7300A49DD1 /* bsf.h */ = {isa = PBXFileReference; fileEncoding = 4; lastKnownFileType = sourcecode.c.h; path = bsf.h; sourceTree = "<group>"; };
		4E118D922B6F4A7300A49DD1 /* codec_id.h */ = {isa = PBXFileReference; fileEncoding = 4; lastKnownFileType = sourcecode.c.h; path = codec_id.h; sourceTree = "<group>"; };
		4E118D932B6F4A7300A49DD1 /* dirac.h */ = {isa = PBXFileReference; fileEncoding = 4; lastKnownFileType = sourcecode.c.h; path = dirac.h; sourceTree = "<group>"; };
		4E118D942B6F4A7300A49DD1 /* avdct.h */ = {isa = PBXFileReference; fileEncoding = 4; lastKnownFileType = sourcecode.c.h; path = avdct.h; sourceTree = "<group>"; };
		4E118D952B6F4A7300A49DD1 /* ac3_parser.h */ = {isa = PBXFileReference; fileEncoding = 4; lastKnownFileType = sourcecode.c.h; path = ac3_parser.h; sourceTree = "<group>"; };
		4E118D962B6F4A7300A49DD1 /* vorbis_parser.h */ = {isa = PBXFileReference; fileEncoding = 4; lastKnownFileType = sourcecode.c.h; path = vorbis_parser.h; sourceTree = "<group>"; };
		4E118D972B6F4A7300A49DD1 /* dxva2.h */ = {isa = PBXFileReference; fileEncoding = 4; lastKnownFileType = sourcecode.c.h; path = dxva2.h; sourceTree = "<group>"; };
		4E118D982B6F4A7300A49DD1 /* dv_profile.h */ = {isa = PBXFileReference; fileEncoding = 4; lastKnownFileType = sourcecode.c.h; path = dv_profile.h; sourceTree = "<group>"; };
		4E118D9A2B6F4A7300A49DD1 /* version.h */ = {isa = PBXFileReference; fileEncoding = 4; lastKnownFileType = sourcecode.c.h; path = version.h; sourceTree = "<group>"; };
		4E118D9B2B6F4A7300A49DD1 /* swresample.h */ = {isa = PBXFileReference; fileEncoding = 4; lastKnownFileType = sourcecode.c.h; path = swresample.h; sourceTree = "<group>"; };
		4E118D9D2B6F4A7300A49DD1 /* libavutil.a */ = {isa = PBXFileReference; lastKnownFileType = archive.ar; path = libavutil.a; sourceTree = "<group>"; };
		4E118D9E2B6F4A7300A49DD1 /* libavfilter.a */ = {isa = PBXFileReference; lastKnownFileType = archive.ar; path = libavfilter.a; sourceTree = "<group>"; };
		4E118D9F2B6F4A7300A49DD1 /* libavcodec.a */ = {isa = PBXFileReference; lastKnownFileType = archive.ar; path = libavcodec.a; sourceTree = "<group>"; };
		4E118DA02B6F4A7300A49DD1 /* libavformat.a */ = {isa = PBXFileReference; lastKnownFileType = archive.ar; path = libavformat.a; sourceTree = "<group>"; };
		4E118DA12B6F4A7300A49DD1 /* libavdevice.a */ = {isa = PBXFileReference; lastKnownFileType = archive.ar; path = libavdevice.a; sourceTree = "<group>"; };
		4E118DA22B6F4A7300A49DD1 /* libswresample.a */ = {isa = PBXFileReference; lastKnownFileType = archive.ar; path = libswresample.a; sourceTree = "<group>"; };
		4E118DA32B6F4A7300A49DD1 /* libswscale.a */ = {isa = PBXFileReference; lastKnownFileType = archive.ar; path = libswscale.a; sourceTree = "<group>"; };
		4E1C17662B639A5B00563325 /* JCStuckViewController.h */ = {isa = PBXFileReference; lastKnownFileType = sourcecode.c.h; path = JCStuckViewController.h; sourceTree = "<group>"; };
		4E1C17672B639A5B00563325 /* JCStuckViewController.m */ = {isa = PBXFileReference; lastKnownFileType = sourcecode.c.objc; path = JCStuckViewController.m; sourceTree = "<group>"; };
		4E1C17692B639B1100563325 /* JCComplexTableViewCell.h */ = {isa = PBXFileReference; lastKnownFileType = sourcecode.c.h; path = JCComplexTableViewCell.h; sourceTree = "<group>"; };
		4E1C176A2B639B1100563325 /* JCComplexTableViewCell.m */ = {isa = PBXFileReference; lastKnownFileType = sourcecode.c.objc; path = JCComplexTableViewCell.m; sourceTree = "<group>"; };
		4E2806B62B271CBB00ABFA68 /* JCStackFrameDefine.h */ = {isa = PBXFileReference; lastKnownFileType = sourcecode.c.h; path = JCStackFrameDefine.h; sourceTree = "<group>"; };
		4E2806B72B273E5600ABFA68 /* JCSymbolParser.h */ = {isa = PBXFileReference; lastKnownFileType = sourcecode.c.h; path = JCSymbolParser.h; sourceTree = "<group>"; };
		4E2806B82B273E5600ABFA68 /* JCSymbolParser.m */ = {isa = PBXFileReference; lastKnownFileType = sourcecode.c.objc; path = JCSymbolParser.m; sourceTree = "<group>"; };
		4E28E25B2B26B89000ABFA68 /* JCStackFrameProvider.swift */ = {isa = PBXFileReference; lastKnownFileType = sourcecode.swift; path = JCStackFrameProvider.swift; sourceTree = "<group>"; };
		4E2A214E2AEF79D700F4DB35 /* JCTableViewController.swift */ = {isa = PBXFileReference; lastKnownFileType = sourcecode.swift; path = JCTableViewController.swift; sourceTree = "<group>"; };
		4E2ABB592B3D37FA00882ECE /* JCPlayerVideoDecoder.h */ = {isa = PBXFileReference; lastKnownFileType = sourcecode.c.h; path = JCPlayerVideoDecoder.h; sourceTree = "<group>"; };
		4E2ABB5A2B3D37FA00882ECE /* JCPlayerVideoDecoder.m */ = {isa = PBXFileReference; lastKnownFileType = sourcecode.c.objc; path = JCPlayerVideoDecoder.m; sourceTree = "<group>"; };
		4E39F1192AEB74C50054BAB0 /* Teemo.png */ = {isa = PBXFileReference; lastKnownFileType = image.png; path = Teemo.png; sourceTree = "<group>"; };
		4E39F11B2AEB7DE60054BAB0 /* Akali.jpg */ = {isa = PBXFileReference; lastKnownFileType = image.jpeg; path = Akali.jpg; sourceTree = "<group>"; };
		4E39F11D2AEB7FB60054BAB0 /* Seraphine.jpg */ = {isa = PBXFileReference; lastKnownFileType = image.jpeg; path = Seraphine.jpg; sourceTree = "<group>"; };
		4E39F11F2AEB81A30054BAB0 /* Riven.jpg */ = {isa = PBXFileReference; lastKnownFileType = image.jpeg; path = Riven.jpg; sourceTree = "<group>"; };
		4E39F1212AEB81AC0054BAB0 /* Katarina.jpg */ = {isa = PBXFileReference; lastKnownFileType = image.jpeg; path = Katarina.jpg; sourceTree = "<group>"; };
		4E39F1232AEB95990054BAB0 /* JCImageTableViewCell.swift */ = {isa = PBXFileReference; lastKnownFileType = sourcecode.swift; path = JCImageTableViewCell.swift; sourceTree = "<group>"; };
		4E3F3ADF2B679AE60002BC47 /* JCComplexTableViewAdapter.h */ = {isa = PBXFileReference; lastKnownFileType = sourcecode.c.h; path = JCComplexTableViewAdapter.h; sourceTree = "<group>"; };
		4E3F3AE02B679AE60002BC47 /* JCComplexTableViewAdapter.m */ = {isa = PBXFileReference; lastKnownFileType = sourcecode.c.objc; path = JCComplexTableViewAdapter.m; sourceTree = "<group>"; };
		4E3F3AE22B67C0C70002BC47 /* JCComplexTableViewCellModel.h */ = {isa = PBXFileReference; lastKnownFileType = sourcecode.c.h; path = JCComplexTableViewCellModel.h; sourceTree = "<group>"; };
		4E3F3AE32B67C0C70002BC47 /* JCComplexTableViewCellModel.m */ = {isa = PBXFileReference; lastKnownFileType = sourcecode.c.objc; path = JCComplexTableViewCellModel.m; sourceTree = "<group>"; };
		4E3F3AF02B67CE060002BC47 /* EmoticonQQ.bundle */ = {isa = PBXFileReference; lastKnownFileType = "wrapper.plug-in"; path = EmoticonQQ.bundle; sourceTree = "<group>"; };
		4E3F3AF52B68B3170002BC47 /* Package.json */ = {isa = PBXFileReference; lastKnownFileType = text.json; path = Package.json; sourceTree = "<group>"; };
		4E3FABA62B6A23000002BC47 /* JCStuckDetectorX.h */ = {isa = PBXFileReference; lastKnownFileType = sourcecode.c.h; path = JCStuckDetectorX.h; sourceTree = "<group>"; };
		4E3FABA72B6A23000002BC47 /* JCStuckDetectorX.m */ = {isa = PBXFileReference; lastKnownFileType = sourcecode.c.objc; path = JCStuckDetectorX.m; sourceTree = "<group>"; };
		4E3FABAE2B6A3CDF0002BC47 /* JCStuckInfoStorage.h */ = {isa = PBXFileReference; lastKnownFileType = sourcecode.c.h; path = JCStuckInfoStorage.h; sourceTree = "<group>"; };
		4E3FABAF2B6A3CDF0002BC47 /* JCStuckInfoStorage.m */ = {isa = PBXFileReference; lastKnownFileType = sourcecode.c.objc; path = JCStuckInfoStorage.m; sourceTree = "<group>"; };
		4E49CC762B6B6B55007FCD06 /* JCFreshTableViewController.h */ = {isa = PBXFileReference; lastKnownFileType = sourcecode.c.h; path = JCFreshTableViewController.h; sourceTree = "<group>"; };
		4E49CC772B6B6B55007FCD06 /* JCFreshTableViewController.m */ = {isa = PBXFileReference; lastKnownFileType = sourcecode.c.objc; path = JCFreshTableViewController.m; sourceTree = "<group>"; };
		4E49CC792B6B6CB1007FCD06 /* JCFreshTableViewAdapter.h */ = {isa = PBXFileReference; lastKnownFileType = sourcecode.c.h; path = JCFreshTableViewAdapter.h; sourceTree = "<group>"; };
		4E49CC7A2B6B6CB1007FCD06 /* JCFreshTableViewAdapter.m */ = {isa = PBXFileReference; lastKnownFileType = sourcecode.c.objc; path = JCFreshTableViewAdapter.m; sourceTree = "<group>"; };
		4E49CC812B6B7623007FCD06 /* JCViewHookModule.h */ = {isa = PBXFileReference; lastKnownFileType = sourcecode.c.h; path = JCViewHookModule.h; sourceTree = "<group>"; };
		4E49CC822B6B7623007FCD06 /* JCViewHookModule.m */ = {isa = PBXFileReference; lastKnownFileType = sourcecode.c.objc; path = JCViewHookModule.m; sourceTree = "<group>"; };
		4E548F842B711BBF0057FEB4 /* JCVideoFrame.h */ = {isa = PBXFileReference; lastKnownFileType = sourcecode.c.h; path = JCVideoFrame.h; sourceTree = "<group>"; };
		4E5AE59A2B6F8432004BD032 /* StreetScenery.mp4 */ = {isa = PBXFileReference; lastKnownFileType = file; path = StreetScenery.mp4; sourceTree = "<group>"; };
		4E5AE59D2B6FA692004BD032 /* JCPlayerVideoFrame.h */ = {isa = PBXFileReference; lastKnownFileType = sourcecode.c.h; path = JCPlayerVideoFrame.h; sourceTree = "<group>"; };
		4E5AE59E2B6FA692004BD032 /* JCPlayerVideoFrame.m */ = {isa = PBXFileReference; lastKnownFileType = sourcecode.c.objc; path = JCPlayerVideoFrame.m; sourceTree = "<group>"; };
		4E5AE5A12B70BD39004BD032 /* JCPlayerRenderView.h */ = {isa = PBXFileReference; lastKnownFileType = sourcecode.c.h; path = JCPlayerRenderView.h; sourceTree = "<group>"; };
		4E5AE5A22B70BD39004BD032 /* JCPlayerRenderView.m */ = {isa = PBXFileReference; lastKnownFileType = sourcecode.c.objc; path = JCPlayerRenderView.m; sourceTree = "<group>"; };
		4E5CDF4D2B9AFE5C003F46A0 /* JCPlayerVideoInfo.h */ = {isa = PBXFileReference; lastKnownFileType = sourcecode.c.h; path = JCPlayerVideoInfo.h; sourceTree = "<group>"; };
		4E5CDF4E2B9AFE5C003F46A0 /* JCPlayerVideoInfo.m */ = {isa = PBXFileReference; lastKnownFileType = sourcecode.c.objc; path = JCPlayerVideoInfo.m; sourceTree = "<group>"; };
		4E5D338D2AF8E3E50049DEE1 /* JCAudioUnit.swift */ = {isa = PBXFileReference; lastKnownFileType = sourcecode.swift; path = JCAudioUnit.swift; sourceTree = "<group>"; };
		4E5E0FE52BA2F05700FB7F9B /* JCPlayerAsynModuleDefine.h */ = {isa = PBXFileReference; lastKnownFileType = sourcecode.c.h; path = JCPlayerAsynModuleDefine.h; sourceTree = "<group>"; };
		4E5E0FE62BA2F05700FB7F9B /* JCPlayerAsynModuleDefine.m */ = {isa = PBXFileReference; lastKnownFileType = sourcecode.c.objc; path = JCPlayerAsynModuleDefine.m; sourceTree = "<group>"; };
		4E5E0FE82BA311D700FB7F9B /* JCPlayerDecoderProtocol.h */ = {isa = PBXFileReference; lastKnownFileType = sourcecode.c.h; path = JCPlayerDecoderProtocol.h; sourceTree = "<group>"; };
		4E7134932B15E9C9002A7DC3 /* JCGLViewController.swift */ = {isa = PBXFileReference; lastKnownFileType = sourcecode.swift; path = JCGLViewController.swift; sourceTree = "<group>"; };
		4E87CAF92B85C083005D7A63 /* JCAudioFrame.h */ = {isa = PBXFileReference; lastKnownFileType = sourcecode.c.h; path = JCAudioFrame.h; sourceTree = "<group>"; };
		4E87CAFB2B85C938005D7A63 /* JCPlayerDecoder.h */ = {isa = PBXFileReference; lastKnownFileType = sourcecode.c.h; path = JCPlayerDecoder.h; sourceTree = "<group>"; };
		4E87CAFC2B85C938005D7A63 /* JCPlayerDecoder.m */ = {isa = PBXFileReference; lastKnownFileType = sourcecode.c.objc; path = JCPlayerDecoder.m; sourceTree = "<group>"; };
		4EA815B22B387F3C00E28F0A /* JCEAGLView.h */ = {isa = PBXFileReference; lastKnownFileType = sourcecode.c.h; path = JCEAGLView.h; sourceTree = "<group>"; };
		4EA815B32B387F3C00E28F0A /* JCEAGLView.m */ = {isa = PBXFileReference; lastKnownFileType = sourcecode.c.objc; path = JCEAGLView.m; sourceTree = "<group>"; };
		4EA815B52B388AF800E28F0A /* JCProgramArena.h */ = {isa = PBXFileReference; lastKnownFileType = sourcecode.c.h; path = JCProgramArena.h; sourceTree = "<group>"; };
		4EA815B62B388AF800E28F0A /* JCProgramArena.m */ = {isa = PBXFileReference; lastKnownFileType = sourcecode.c.objc; path = JCProgramArena.m; sourceTree = "<group>"; };
		4EAA8B3F2B46CFA000CE4C67 /* JCLeaksViewController.h */ = {isa = PBXFileReference; lastKnownFileType = sourcecode.c.h; path = JCLeaksViewController.h; sourceTree = "<group>"; };
		4EAA8B402B46CFA000CE4C67 /* JCLeaksViewController.m */ = {isa = PBXFileReference; lastKnownFileType = sourcecode.c.objc; path = JCLeaksViewController.m; sourceTree = "<group>"; };
		4EAA8B422B46D2EE00CE4C67 /* JCLeaskModuleDefine.h */ = {isa = PBXFileReference; lastKnownFileType = sourcecode.c.h; path = JCLeaskModuleDefine.h; sourceTree = "<group>"; };
		4EBFCC6B2BA1C007008BDAE8 /* JCPlayerSyncController.h */ = {isa = PBXFileReference; lastKnownFileType = sourcecode.c.h; path = JCPlayerSyncController.h; sourceTree = "<group>"; };
		4EBFCC6C2BA1C007008BDAE8 /* JCPlayerSyncController.m */ = {isa = PBXFileReference; lastKnownFileType = sourcecode.c.objc; path = JCPlayerSyncController.m; sourceTree = "<group>"; };
		4EBFCC6E2BA1C11C008BDAE8 /* JCPlayerSyncModule.h */ = {isa = PBXFileReference; lastKnownFileType = sourcecode.c.h; path = JCPlayerSyncModule.h; sourceTree = "<group>"; };
		4EC6254D2B54FE5500F4CA55 /* JCPlayerAudioDecoder.h */ = {isa = PBXFileReference; lastKnownFileType = sourcecode.c.h; path = JCPlayerAudioDecoder.h; sourceTree = "<group>"; };
		4EC6254E2B54FE5500F4CA55 /* JCPlayerAudioDecoder.m */ = {isa = PBXFileReference; lastKnownFileType = sourcecode.c.objc; path = JCPlayerAudioDecoder.m; sourceTree = "<group>"; };
		4EC625522B54FE9700F4CA55 /* JCPlayerViewController.h */ = {isa = PBXFileReference; lastKnownFileType = sourcecode.c.h; path = JCPlayerViewController.h; sourceTree = "<group>"; };
		4EC625532B54FE9700F4CA55 /* JCPlayerViewController.m */ = {isa = PBXFileReference; lastKnownFileType = sourcecode.c.objc; path = JCPlayerViewController.m; sourceTree = "<group>"; };
		4EC625552B54FEE500F4CA55 /* JCPlayer.h */ = {isa = PBXFileReference; lastKnownFileType = sourcecode.c.h; path = JCPlayer.h; sourceTree = "<group>"; };
		4ED08C152AECD75400E6CF4A /* JCImageLoader.swift */ = {isa = PBXFileReference; lastKnownFileType = sourcecode.swift; path = JCImageLoader.swift; sourceTree = "<group>"; };
		4ED4210B2B3DA89C006A6C1D /* libz.tbd */ = {isa = PBXFileReference; lastKnownFileType = "sourcecode.text-based-dylib-definition"; name = libz.tbd; path = usr/lib/libz.tbd; sourceTree = SDKROOT; };
		4ED4210D2B3DA8AE006A6C1D /* libbz2.tbd */ = {isa = PBXFileReference; lastKnownFileType = "sourcecode.text-based-dylib-definition"; name = libbz2.tbd; path = usr/lib/libbz2.tbd; sourceTree = SDKROOT; };
		4ED4210F2B3DA8B8006A6C1D /* libiconv.tbd */ = {isa = PBXFileReference; lastKnownFileType = "sourcecode.text-based-dylib-definition"; name = libiconv.tbd; path = usr/lib/libiconv.tbd; sourceTree = SDKROOT; };
		4ED421112B3DA8D0006A6C1D /* CoreMedia.framework */ = {isa = PBXFileReference; lastKnownFileType = wrapper.framework; name = CoreMedia.framework; path = System/Library/Frameworks/CoreMedia.framework; sourceTree = SDKROOT; };
		4ED421132B3DA8DA006A6C1D /* AVFoundation.framework */ = {isa = PBXFileReference; lastKnownFileType = wrapper.framework; name = AVFoundation.framework; path = System/Library/Frameworks/AVFoundation.framework; sourceTree = SDKROOT; };
		4ED421152B3DA8E4006A6C1D /* VideoToolbox.framework */ = {isa = PBXFileReference; lastKnownFileType = wrapper.framework; name = VideoToolbox.framework; path = System/Library/Frameworks/VideoToolbox.framework; sourceTree = SDKROOT; };
		4ED421172B3DA8ED006A6C1D /* AudioToolbox.framework */ = {isa = PBXFileReference; lastKnownFileType = wrapper.framework; name = AudioToolbox.framework; path = System/Library/Frameworks/AudioToolbox.framework; sourceTree = SDKROOT; };
		4ED445C92B3E8EC6006A6C1D /* Fireworks.mov */ = {isa = PBXFileReference; lastKnownFileType = video.quicktime; path = Fireworks.mov; sourceTree = "<group>"; };
		4ED5D1C22B445835009AD6AE /* JCStuckDetector.h */ = {isa = PBXFileReference; lastKnownFileType = sourcecode.c.h; path = JCStuckDetector.h; sourceTree = "<group>"; };
		4ED5D1C32B445835009AD6AE /* JCStuckDetector.m */ = {isa = PBXFileReference; lastKnownFileType = sourcecode.c.objc; path = JCStuckDetector.m; sourceTree = "<group>"; };
		4ED5D1C62B445975009AD6AE /* JCStuckModule.h */ = {isa = PBXFileReference; lastKnownFileType = sourcecode.c.h; path = JCStuckModule.h; sourceTree = "<group>"; };
		4EEC9A2F2B20935400DBA33A /* JCImage-Bridging-Header.h */ = {isa = PBXFileReference; lastKnownFileType = sourcecode.c.h; path = "JCImage-Bridging-Header.h"; sourceTree = "<group>"; };
		4EEC9A302B20935500DBA33A /* JCStackFrameCatcher.h */ = {isa = PBXFileReference; lastKnownFileType = sourcecode.c.h; path = JCStackFrameCatcher.h; sourceTree = "<group>"; };
		4EEC9A312B20935500DBA33A /* JCStackFrameCatcher.m */ = {isa = PBXFileReference; lastKnownFileType = sourcecode.c.objc; path = JCStackFrameCatcher.m; sourceTree = "<group>"; };
		4EF77CE82BA32AED001FE31B /* JCPlayerDecoderTools.h */ = {isa = PBXFileReference; lastKnownFileType = sourcecode.c.h; path = JCPlayerDecoderTools.h; sourceTree = "<group>"; };
		4EF77CE92BA32AED001FE31B /* JCPlayerDecoderTools.m */ = {isa = PBXFileReference; lastKnownFileType = sourcecode.c.objc; path = JCPlayerDecoderTools.m; sourceTree = "<group>"; };
		4EFAE8122B6B39B5002CC770 /* JCStuckMaker.h */ = {isa = PBXFileReference; lastKnownFileType = sourcecode.c.h; path = JCStuckMaker.h; sourceTree = "<group>"; };
		4EFAE8132B6B39B5002CC770 /* JCStuckMaker.m */ = {isa = PBXFileReference; lastKnownFileType = sourcecode.c.objc; path = JCStuckMaker.m; sourceTree = "<group>"; };
		60EE499D31F6D8017A8490C5 /* libPods-JCImage.a */ = {isa = PBXFileReference; explicitFileType = archive.ar; includeInIndex = 0; path = "libPods-JCImage.a"; sourceTree = BUILT_PRODUCTS_DIR; };
		B01D7BA44A171B01443D7564 /* Pods-JCImage.debug.xcconfig */ = {isa = PBXFileReference; includeInIndex = 1; lastKnownFileType = text.xcconfig; name = "Pods-JCImage.debug.xcconfig"; path = "Target Support Files/Pods-JCImage/Pods-JCImage.debug.xcconfig"; sourceTree = "<group>"; };
/* End PBXFileReference section */

/* Begin PBXFrameworksBuildPhase section */
		19D73A842AE94640003571E7 /* Frameworks */ = {
			isa = PBXFrameworksBuildPhase;
			buildActionMask = 2147483647;
			files = (
				4E118DA42B6F4A7300A49DD1 /* libavutil.a in Frameworks */,
				4ED421142B3DA8DA006A6C1D /* AVFoundation.framework in Frameworks */,
				4ED421162B3DA8E4006A6C1D /* VideoToolbox.framework in Frameworks */,
				4E118DA72B6F4A7300A49DD1 /* libavformat.a in Frameworks */,
				4ED421182B3DA8ED006A6C1D /* AudioToolbox.framework in Frameworks */,
				4ED421122B3DA8D0006A6C1D /* CoreMedia.framework in Frameworks */,
				4E118DAA2B6F4A7300A49DD1 /* libswscale.a in Frameworks */,
				4ED421102B3DA8B8006A6C1D /* libiconv.tbd in Frameworks */,
				4E118DA52B6F4A7300A49DD1 /* libavfilter.a in Frameworks */,
				4ED4210E2B3DA8AE006A6C1D /* libbz2.tbd in Frameworks */,
				4E118DA62B6F4A7300A49DD1 /* libavcodec.a in Frameworks */,
				4ED4210C2B3DA89C006A6C1D /* libz.tbd in Frameworks */,
				4E118DA82B6F4A7300A49DD1 /* libavdevice.a in Frameworks */,
				4E118DA92B6F4A7300A49DD1 /* libswresample.a in Frameworks */,
				5CD8D4792E16A99F842BA400 /* libPods-JCImage.a in Frameworks */,
			);
			runOnlyForDeploymentPostprocessing = 0;
		};
/* End PBXFrameworksBuildPhase section */

/* Begin PBXGroup section */
		19D73A7E2AE94640003571E7 = {
			isa = PBXGroup;
			children = (
				19D73A892AE94640003571E7 /* JCImage */,
				19D73A882AE94640003571E7 /* Products */,
				89E0BD14D8AF81F3619934C6 /* Pods */,
				55DB5B4D934FCE0BB3AC0FA4 /* Frameworks */,
			);
			sourceTree = "<group>";
		};
		19D73A882AE94640003571E7 /* Products */ = {
			isa = PBXGroup;
			children = (
				19D73A872AE94640003571E7 /* JCImage.app */,
			);
			name = Products;
			sourceTree = "<group>";
		};
		19D73A892AE94640003571E7 /* JCImage */ = {
			isa = PBXGroup;
			children = (
				4E118D182B6F4A7300A49DD1 /* FFmpeg-iOS */,
				4E7134902B15E8BC002A7DC3 /* Module */,
				4EFCAD5B2AF4991300BDF7ED /* Player */,
				4E39F1182AEB74BB0054BAB0 /* Resource */,
				19D73AA32AE97855003571E7 /* Unit */,
				19D73A8A2AE94640003571E7 /* AppDelegate.swift */,
				19D73A8C2AE94640003571E7 /* SceneDelegate.swift */,
				19D73A8E2AE94640003571E7 /* ViewController.swift */,
				4EEC9A2F2B20935400DBA33A /* JCImage-Bridging-Header.h */,
				19D73A902AE94640003571E7 /* Main.storyboard */,
				19D73A932AE94642003571E7 /* Assets.xcassets */,
				19D73A952AE94642003571E7 /* LaunchScreen.storyboard */,
				19D73A982AE94642003571E7 /* Info.plist */,
			);
			path = JCImage;
			sourceTree = "<group>";
		};
		19D73AA32AE97855003571E7 /* Unit */ = {
			isa = PBXGroup;
			children = (
				19D73AA42AE9786D003571E7 /* JCCommonUnit.swift */,
			);
			path = Unit;
			sourceTree = "<group>";
		};
		19FEB6B02B3491EF001E432B /* ShaderFile */ = {
			isa = PBXGroup;
			children = (
				19FEB6B12B349281001E432B /* VertexShader.vsh */,
				19FEB6B32B3492CD001E432B /* FragShader.fsh */,
			);
			path = ShaderFile;
			sourceTree = "<group>";
		};
		4E0646452B95BFE600C41077 /* Shader */ = {
			isa = PBXGroup;
			children = (
				4E0646462B95C03400C41077 /* JCPlayerVertexShader.vsh */,
				4E0646482B95C05400C41077 /* JCPlayerFragShader.fsh */,
			);
			path = Shader;
			sourceTree = "<group>";
		};
		4E118D182B6F4A7300A49DD1 /* FFmpeg-iOS */ = {
			isa = PBXGroup;
			children = (
				4E118D192B6F4A7300A49DD1 /* include */,
				4E118D9C2B6F4A7300A49DD1 /* lib */,
			);
			path = "FFmpeg-iOS";
			sourceTree = "<group>";
		};
		4E118D192B6F4A7300A49DD1 /* include */ = {
			isa = PBXGroup;
			children = (
				4E118D1A2B6F4A7300A49DD1 /* libavfilter */,
				4E118D1F2B6F4A7300A49DD1 /* libavutil */,
				4E118D762B6F4A7300A49DD1 /* libavdevice */,
				4E118D792B6F4A7300A49DD1 /* libavformat */,
				4E118D7D2B6F4A7300A49DD1 /* libswscale */,
				4E118D802B6F4A7300A49DD1 /* libavcodec */,
				4E118D992B6F4A7300A49DD1 /* libswresample */,
			);
			path = include;
			sourceTree = "<group>";
		};
		4E118D1A2B6F4A7300A49DD1 /* libavfilter */ = {
			isa = PBXGroup;
			children = (
				4E118D1B2B6F4A7300A49DD1 /* version.h */,
				4E118D1C2B6F4A7300A49DD1 /* buffersrc.h */,
				4E118D1D2B6F4A7300A49DD1 /* buffersink.h */,
				4E118D1E2B6F4A7300A49DD1 /* avfilter.h */,
			);
			path = libavfilter;
			sourceTree = "<group>";
		};
		4E118D1F2B6F4A7300A49DD1 /* libavutil */ = {
			isa = PBXGroup;
			children = (
				4E118D202B6F4A7300A49DD1 /* hwcontext.h */,
				4E118D212B6F4A7300A49DD1 /* time.h */,
				4E118D222B6F4A7300A49DD1 /* hwcontext_cuda.h */,
				4E118D232B6F4A7300A49DD1 /* intfloat.h */,
				4E118D242B6F4A7300A49DD1 /* error.h */,
				4E118D252B6F4A7300A49DD1 /* fifo.h */,
				4E118D262B6F4A7300A49DD1 /* blowfish.h */,
				4E118D272B6F4A7300A49DD1 /* hwcontext_mediacodec.h */,
				4E118D282B6F4A7300A49DD1 /* replaygain.h */,
				4E118D292B6F4A7300A49DD1 /* version.h */,
				4E118D2A2B6F4A7300A49DD1 /* murmur3.h */,
				4E118D2B2B6F4A7300A49DD1 /* stereo3d.h */,
				4E118D2C2B6F4A7300A49DD1 /* samplefmt.h */,
				4E118D2D2B6F4A7300A49DD1 /* pixdesc.h */,
				4E118D2E2B6F4A7300A49DD1 /* base64.h */,
				4E118D2F2B6F4A7300A49DD1 /* rational.h */,
				4E118D302B6F4A7300A49DD1 /* sha.h */,
				4E118D312B6F4A7300A49DD1 /* motion_vector.h */,
				4E118D322B6F4A7300A49DD1 /* avconfig.h */,
				4E118D332B6F4A7300A49DD1 /* lfg.h */,
				4E118D342B6F4A7300A49DD1 /* avutil.h */,
				4E118D352B6F4A7300A49DD1 /* hwcontext_vulkan.h */,
				4E118D362B6F4A7300A49DD1 /* xtea.h */,
				4E118D372B6F4A7300A49DD1 /* crc.h */,
				4E118D382B6F4A7300A49DD1 /* hwcontext_vdpau.h */,
				4E118D392B6F4A7300A49DD1 /* frame.h */,
				4E118D3A2B6F4A7300A49DD1 /* file.h */,
				4E118D3B2B6F4A7300A49DD1 /* md5.h */,
				4E118D3C2B6F4A7300A49DD1 /* cast5.h */,
				4E118D3D2B6F4A7300A49DD1 /* hwcontext_vaapi.h */,
				4E118D3E2B6F4A7300A49DD1 /* spherical.h */,
				4E118D3F2B6F4A7300A49DD1 /* ffversion.h */,
				4E118D402B6F4A7300A49DD1 /* hwcontext_opencl.h */,
				4E118D412B6F4A7300A49DD1 /* audio_fifo.h */,
				4E118D422B6F4A7300A49DD1 /* tree.h */,
				4E118D432B6F4A7300A49DD1 /* threadmessage.h */,
				4E118D442B6F4A7300A49DD1 /* attributes.h */,
				4E118D452B6F4A7300A49DD1 /* adler32.h */,
				4E118D462B6F4A7300A49DD1 /* hwcontext_d3d11va.h */,
				4E118D472B6F4A7300A49DD1 /* timecode.h */,
				4E118D482B6F4A7300A49DD1 /* dovi_meta.h */,
				4E118D492B6F4A7300A49DD1 /* tx.h */,
				4E118D4A2B6F4A7300A49DD1 /* sha512.h */,
				4E118D4B2B6F4A7300A49DD1 /* hwcontext_dxva2.h */,
				4E118D4C2B6F4A7300A49DD1 /* display.h */,
				4E118D4D2B6F4A7300A49DD1 /* buffer.h */,
				4E118D4E2B6F4A7300A49DD1 /* camellia.h */,
				4E118D4F2B6F4A7300A49DD1 /* pixelutils.h */,
				4E118D502B6F4A7300A49DD1 /* hwcontext_drm.h */,
				4E118D512B6F4A7300A49DD1 /* common.h */,
				4E118D522B6F4A7300A49DD1 /* hmac.h */,
				4E118D532B6F4A7300A49DD1 /* eval.h */,
				4E118D542B6F4A7300A49DD1 /* dict.h */,
				4E118D552B6F4A7300A49DD1 /* random_seed.h */,
				4E118D562B6F4A7300A49DD1 /* opt.h */,
				4E118D572B6F4A7300A49DD1 /* mastering_display_metadata.h */,
				4E118D582B6F4A7300A49DD1 /* log.h */,
				4E118D592B6F4A7300A49DD1 /* aes.h */,
				4E118D5A2B6F4A7300A49DD1 /* macros.h */,
				4E118D5B2B6F4A7300A49DD1 /* bswap.h */,
				4E118D5C2B6F4A7300A49DD1 /* rc4.h */,
				4E118D5D2B6F4A7300A49DD1 /* tea.h */,
				4E118D5E2B6F4A7300A49DD1 /* cpu.h */,
				4E118D5F2B6F4A7300A49DD1 /* lzo.h */,
				4E118D602B6F4A7300A49DD1 /* des.h */,
				4E118D612B6F4A7300A49DD1 /* channel_layout.h */,
				4E118D622B6F4A7300A49DD1 /* encryption_info.h */,
				4E118D632B6F4A7300A49DD1 /* twofish.h */,
				4E118D642B6F4A7300A49DD1 /* imgutils.h */,
				4E118D652B6F4A7300A49DD1 /* hwcontext_videotoolbox.h */,
				4E118D662B6F4A7300A49DD1 /* video_enc_params.h */,
				4E118D672B6F4A7300A49DD1 /* mem.h */,
				4E118D682B6F4A7300A49DD1 /* parseutils.h */,
				4E118D692B6F4A7300A49DD1 /* ripemd.h */,
				4E118D6A2B6F4A7300A49DD1 /* bprint.h */,
				4E118D6B2B6F4A7300A49DD1 /* hdr_dynamic_metadata.h */,
				4E118D6C2B6F4A7300A49DD1 /* hwcontext_qsv.h */,
				4E118D6D2B6F4A7300A49DD1 /* pixfmt.h */,
				4E118D6E2B6F4A7300A49DD1 /* aes_ctr.h */,
				4E118D6F2B6F4A7300A49DD1 /* timestamp.h */,
				4E118D702B6F4A7300A49DD1 /* downmix_info.h */,
				4E118D712B6F4A7300A49DD1 /* avassert.h */,
				4E118D722B6F4A7300A49DD1 /* hash.h */,
				4E118D732B6F4A7300A49DD1 /* mathematics.h */,
				4E118D742B6F4A7300A49DD1 /* intreadwrite.h */,
				4E118D752B6F4A7300A49DD1 /* avstring.h */,
			);
			path = libavutil;
			sourceTree = "<group>";
		};
		4E118D762B6F4A7300A49DD1 /* libavdevice */ = {
			isa = PBXGroup;
			children = (
				4E118D772B6F4A7300A49DD1 /* version.h */,
				4E118D782B6F4A7300A49DD1 /* avdevice.h */,
			);
			path = libavdevice;
			sourceTree = "<group>";
		};
		4E118D792B6F4A7300A49DD1 /* libavformat */ = {
			isa = PBXGroup;
			children = (
				4E118D7A2B6F4A7300A49DD1 /* version.h */,
				4E118D7B2B6F4A7300A49DD1 /* avio.h */,
				4E118D7C2B6F4A7300A49DD1 /* avformat.h */,
			);
			path = libavformat;
			sourceTree = "<group>";
		};
		4E118D7D2B6F4A7300A49DD1 /* libswscale */ = {
			isa = PBXGroup;
			children = (
				4E118D7E2B6F4A7300A49DD1 /* version.h */,
				4E118D7F2B6F4A7300A49DD1 /* swscale.h */,
			);
			path = libswscale;
			sourceTree = "<group>";
		};
		4E118D802B6F4A7300A49DD1 /* libavcodec */ = {
			isa = PBXGroup;
			children = (
				4E118D812B6F4A7300A49DD1 /* adts_parser.h */,
				4E118D822B6F4A7300A49DD1 /* avcodec.h */,
				4E118D832B6F4A7300A49DD1 /* version.h */,
				4E118D842B6F4A7300A49DD1 /* vdpau.h */,
				4E118D852B6F4A7300A49DD1 /* codec_par.h */,
				4E118D862B6F4A7300A49DD1 /* qsv.h */,
				4E118D872B6F4A7300A49DD1 /* vaapi.h */,
				4E118D882B6F4A7300A49DD1 /* codec_desc.h */,
				4E118D892B6F4A7300A49DD1 /* videotoolbox.h */,
				4E118D8A2B6F4A7300A49DD1 /* xvmc.h */,
				4E118D8B2B6F4A7300A49DD1 /* mediacodec.h */,
				4E118D8C2B6F4A7300A49DD1 /* d3d11va.h */,
				4E118D8D2B6F4A7300A49DD1 /* avfft.h */,
				4E118D8E2B6F4A7300A49DD1 /* codec.h */,
				4E118D8F2B6F4A7300A49DD1 /* jni.h */,
				4E118D902B6F4A7300A49DD1 /* packet.h */,
				4E118D912B6F4A7300A49DD1 /* bsf.h */,
				4E118D922B6F4A7300A49DD1 /* codec_id.h */,
				4E118D932B6F4A7300A49DD1 /* dirac.h */,
				4E118D942B6F4A7300A49DD1 /* avdct.h */,
				4E118D952B6F4A7300A49DD1 /* ac3_parser.h */,
				4E118D962B6F4A7300A49DD1 /* vorbis_parser.h */,
				4E118D972B6F4A7300A49DD1 /* dxva2.h */,
				4E118D982B6F4A7300A49DD1 /* dv_profile.h */,
			);
			path = libavcodec;
			sourceTree = "<group>";
		};
		4E118D992B6F4A7300A49DD1 /* libswresample */ = {
			isa = PBXGroup;
			children = (
				4E118D9A2B6F4A7300A49DD1 /* version.h */,
				4E118D9B2B6F4A7300A49DD1 /* swresample.h */,
			);
			path = libswresample;
			sourceTree = "<group>";
		};
		4E118D9C2B6F4A7300A49DD1 /* lib */ = {
			isa = PBXGroup;
			children = (
				4E118D9D2B6F4A7300A49DD1 /* libavutil.a */,
				4E118D9E2B6F4A7300A49DD1 /* libavfilter.a */,
				4E118D9F2B6F4A7300A49DD1 /* libavcodec.a */,
				4E118DA02B6F4A7300A49DD1 /* libavformat.a */,
				4E118DA12B6F4A7300A49DD1 /* libavdevice.a */,
				4E118DA22B6F4A7300A49DD1 /* libswresample.a */,
				4E118DA32B6F4A7300A49DD1 /* libswscale.a */,
			);
			path = lib;
			sourceTree = "<group>";
		};
		4E1191A92B6F556800A49DD1 /* ModuleInterface */ = {
			isa = PBXGroup;
			children = (
				4E548F842B711BBF0057FEB4 /* JCVideoFrame.h */,
				4E87CAF92B85C083005D7A63 /* JCAudioFrame.h */,
			);
			path = ModuleInterface;
			sourceTree = "<group>";
		};
		4E1C17652B639A2A00563325 /* Stuck */ = {
			isa = PBXGroup;
			children = (
				4E1C17662B639A5B00563325 /* JCStuckViewController.h */,
				4E1C17672B639A5B00563325 /* JCStuckViewController.m */,
				4E1C17692B639B1100563325 /* JCComplexTableViewCell.h */,
				4E1C176A2B639B1100563325 /* JCComplexTableViewCell.m */,
				4E3F3AE22B67C0C70002BC47 /* JCComplexTableViewCellModel.h */,
				4E3F3AE32B67C0C70002BC47 /* JCComplexTableViewCellModel.m */,
				4E3F3ADF2B679AE60002BC47 /* JCComplexTableViewAdapter.h */,
				4E3F3AE02B679AE60002BC47 /* JCComplexTableViewAdapter.m */,
			);
			path = Stuck;
			sourceTree = "<group>";
		};
		4E39F1182AEB74BB0054BAB0 /* Resource */ = {
			isa = PBXGroup;
			children = (
				4E3F3AF02B67CE060002BC47 /* EmoticonQQ.bundle */,
				19FEB6B02B3491EF001E432B /* ShaderFile */,
				4E39F11F2AEB81A30054BAB0 /* Riven.jpg */,
				4E39F11D2AEB7FB60054BAB0 /* Seraphine.jpg */,
				4E39F11B2AEB7DE60054BAB0 /* Akali.jpg */,
				4E39F1192AEB74C50054BAB0 /* Teemo.png */,
				4E39F1212AEB81AC0054BAB0 /* Katarina.jpg */,
				4ED445C92B3E8EC6006A6C1D /* Fireworks.mov */,
				4E5AE59A2B6F8432004BD032 /* StreetScenery.mp4 */,
				4E3F3AF52B68B3170002BC47 /* Package.json */,
			);
			path = Resource;
			sourceTree = "<group>";
		};
		4E3FABA92B6A2ED90002BC47 /* Detector */ = {
			isa = PBXGroup;
			children = (
				4ED5D1C22B445835009AD6AE /* JCStuckDetector.h */,
				4ED5D1C32B445835009AD6AE /* JCStuckDetector.m */,
				4ED5D1C62B445975009AD6AE /* JCStuckModule.h */,
				4E3FABA62B6A23000002BC47 /* JCStuckDetectorX.h */,
				4E3FABA72B6A23000002BC47 /* JCStuckDetectorX.m */,
			);
			path = Detector;
			sourceTree = "<group>";
		};
		4E3FABAA2B6A2EE80002BC47 /* BackingTrace */ = {
			isa = PBXGroup;
			children = (
				4EEC9A302B20935500DBA33A /* JCStackFrameCatcher.h */,
				4EEC9A312B20935500DBA33A /* JCStackFrameCatcher.m */,
				4E2806B72B273E5600ABFA68 /* JCSymbolParser.h */,
				4E2806B82B273E5600ABFA68 /* JCSymbolParser.m */,
				4E3FABAE2B6A3CDF0002BC47 /* JCStuckInfoStorage.h */,
				4E3FABAF2B6A3CDF0002BC47 /* JCStuckInfoStorage.m */,
			);
			path = BackingTrace;
			sourceTree = "<group>";
		};
		4E49CC752B6B6B04007FCD06 /* ViewStuck */ = {
			isa = PBXGroup;
			children = (
				4E49CC802B6B75FD007FCD06 /* Hook */,
				4E49CC762B6B6B55007FCD06 /* JCFreshTableViewController.h */,
				4E49CC772B6B6B55007FCD06 /* JCFreshTableViewController.m */,
				4E49CC792B6B6CB1007FCD06 /* JCFreshTableViewAdapter.h */,
				4E49CC7A2B6B6CB1007FCD06 /* JCFreshTableViewAdapter.m */,
			);
			path = ViewStuck;
			sourceTree = "<group>";
		};
		4E49CC802B6B75FD007FCD06 /* Hook */ = {
			isa = PBXGroup;
			children = (
				4E49CC812B6B7623007FCD06 /* JCViewHookModule.h */,
				4E49CC822B6B7623007FCD06 /* JCViewHookModule.m */,
			);
			path = Hook;
			sourceTree = "<group>";
		};
		4E5AE59C2B6FA679004BD032 /* Model */ = {
			isa = PBXGroup;
			children = (
				4E5AE59D2B6FA692004BD032 /* JCPlayerVideoFrame.h */,
				4E5AE59E2B6FA692004BD032 /* JCPlayerVideoFrame.m */,
				4E5CDF4D2B9AFE5C003F46A0 /* JCPlayerVideoInfo.h */,
				4E5CDF4E2B9AFE5C003F46A0 /* JCPlayerVideoInfo.m */,
			);
			path = Model;
			sourceTree = "<group>";
		};
		4E5AE5A02B70BD25004BD032 /* RenderView */ = {
			isa = PBXGroup;
			children = (
				4E0646452B95BFE600C41077 /* Shader */,
				4E5AE5A12B70BD39004BD032 /* JCPlayerRenderView.h */,
				4E5AE5A22B70BD39004BD032 /* JCPlayerRenderView.m */,
			);
			path = RenderView;
			sourceTree = "<group>";
		};
		4E7134902B15E8BC002A7DC3 /* Module */ = {
			isa = PBXGroup;
			children = (
				4E49CC752B6B6B04007FCD06 /* ViewStuck */,
				4E1C17652B639A2A00563325 /* Stuck */,
				4EAA8B3E2B46CF7E00CE4C67 /* MemoryLeaks */,
				4EEC9A2C2B208D5C00DBA33A /* Stack */,
				4E7134922B15E9A1002A7DC3 /* OpenGLES */,
				4E7134912B15E8CC002A7DC3 /* Image */,
			);
			path = Module;
			sourceTree = "<group>";
		};
		4E7134912B15E8CC002A7DC3 /* Image */ = {
			isa = PBXGroup;
			children = (
				4E39F1232AEB95990054BAB0 /* JCImageTableViewCell.swift */,
				4ED08C152AECD75400E6CF4A /* JCImageLoader.swift */,
				4E2A214E2AEF79D700F4DB35 /* JCTableViewController.swift */,
			);
			path = Image;
			sourceTree = "<group>";
		};
		4E7134922B15E9A1002A7DC3 /* OpenGLES */ = {
			isa = PBXGroup;
			children = (
				4E7134932B15E9C9002A7DC3 /* JCGLViewController.swift */,
				19FEB6AD2B348D18001E432B /* JCProgramProvider.h */,
				19FEB6AE2B348D18001E432B /* JCProgramProvider.m */,
				4EA815B22B387F3C00E28F0A /* JCEAGLView.h */,
				4EA815B32B387F3C00E28F0A /* JCEAGLView.m */,
				4EA815B52B388AF800E28F0A /* JCProgramArena.h */,
				4EA815B62B388AF800E28F0A /* JCProgramArena.m */,
			);
			path = OpenGLES;
			sourceTree = "<group>";
		};
		4E87CAFA2B85C8FA005D7A63 /* Decoder */ = {
			isa = PBXGroup;
			children = (
				4EF77CE72BA32ADA001FE31B /* Tools */,
				4EC6254B2B54FE2800F4CA55 /* Audio */,
				4EC6254A2B54FE1F00F4CA55 /* Video */,
				4E87CAFB2B85C938005D7A63 /* JCPlayerDecoder.h */,
				4E87CAFC2B85C938005D7A63 /* JCPlayerDecoder.m */,
				4E5E0FE82BA311D700FB7F9B /* JCPlayerDecoderProtocol.h */,
			);
			path = Decoder;
			sourceTree = "<group>";
		};
		4EAA8B3E2B46CF7E00CE4C67 /* MemoryLeaks */ = {
			isa = PBXGroup;
			children = (
				4EAA8B3F2B46CFA000CE4C67 /* JCLeaksViewController.h */,
				4EAA8B402B46CFA000CE4C67 /* JCLeaksViewController.m */,
				4EAA8B422B46D2EE00CE4C67 /* JCLeaskModuleDefine.h */,
			);
			path = MemoryLeaks;
			sourceTree = "<group>";
		};
		4EC6254A2B54FE1F00F4CA55 /* Video */ = {
			isa = PBXGroup;
			children = (
				4EC6254C2B54FE3200F4CA55 /* VideoRender */,
				4ED445CB2B3E8EE6006A6C1D /* VideoDecoder */,
			);
			path = Video;
			sourceTree = "<group>";
		};
		4EC6254B2B54FE2800F4CA55 /* Audio */ = {
			isa = PBXGroup;
			children = (
				4ED445C82B3E8DF8006A6C1D /* AudioRender */,
				4ED445C72B3E8DA9006A6C1D /* AudioDecoder */,
			);
			path = Audio;
			sourceTree = "<group>";
		};
		4EC6254C2B54FE3200F4CA55 /* VideoRender */ = {
			isa = PBXGroup;
			children = (
			);
			path = VideoRender;
			sourceTree = "<group>";
		};
		4EC625502B54FE5D00F4CA55 /* SyncModule */ = {
			isa = PBXGroup;
			children = (
				4EBFCC6B2BA1C007008BDAE8 /* JCPlayerSyncController.h */,
				4EBFCC6C2BA1C007008BDAE8 /* JCPlayerSyncController.m */,
				4EBFCC6E2BA1C11C008BDAE8 /* JCPlayerSyncModule.h */,
				4E5E0FE52BA2F05700FB7F9B /* JCPlayerAsynModuleDefine.h */,
				4E5E0FE62BA2F05700FB7F9B /* JCPlayerAsynModuleDefine.m */,
			);
			path = SyncModule;
			sourceTree = "<group>";
		};
		4EC625512B54FE8200F4CA55 /* Controller */ = {
			isa = PBXGroup;
			children = (
				4EC625522B54FE9700F4CA55 /* JCPlayerViewController.h */,
				4EC625532B54FE9700F4CA55 /* JCPlayerViewController.m */,
				4EC625552B54FEE500F4CA55 /* JCPlayer.h */,
			);
			path = Controller;
			sourceTree = "<group>";
		};
		4ED445C72B3E8DA9006A6C1D /* AudioDecoder */ = {
			isa = PBXGroup;
			children = (
				4EC6254D2B54FE5500F4CA55 /* JCPlayerAudioDecoder.h */,
				4EC6254E2B54FE5500F4CA55 /* JCPlayerAudioDecoder.m */,
			);
			path = AudioDecoder;
			sourceTree = "<group>";
		};
		4ED445C82B3E8DF8006A6C1D /* AudioRender */ = {
			isa = PBXGroup;
			children = (
			);
			path = AudioRender;
			sourceTree = "<group>";
		};
		4ED445CB2B3E8EE6006A6C1D /* VideoDecoder */ = {
			isa = PBXGroup;
			children = (
				4E2ABB592B3D37FA00882ECE /* JCPlayerVideoDecoder.h */,
				4E2ABB5A2B3D37FA00882ECE /* JCPlayerVideoDecoder.m */,
			);
			path = VideoDecoder;
			sourceTree = "<group>";
		};
		4EEC9A2C2B208D5C00DBA33A /* Stack */ = {
			isa = PBXGroup;
			children = (
				4EFAE8112B6B39A6002CC770 /* StuckTools */,
				4E3FABAA2B6A2EE80002BC47 /* BackingTrace */,
				4E3FABA92B6A2ED90002BC47 /* Detector */,
				4E2806B62B271CBB00ABFA68 /* JCStackFrameDefine.h */,
			);
			path = Stack;
			sourceTree = "<group>";
		};
		4EF77CE72BA32ADA001FE31B /* Tools */ = {
			isa = PBXGroup;
			children = (
				4EF77CE82BA32AED001FE31B /* JCPlayerDecoderTools.h */,
				4EF77CE92BA32AED001FE31B /* JCPlayerDecoderTools.m */,
			);
			path = Tools;
			sourceTree = "<group>";
		};
		4EFAE8112B6B39A6002CC770 /* StuckTools */ = {
			isa = PBXGroup;
			children = (
				4E28E25B2B26B89000ABFA68 /* JCStackFrameProvider.swift */,
				4EFAE8122B6B39B5002CC770 /* JCStuckMaker.h */,
				4EFAE8132B6B39B5002CC770 /* JCStuckMaker.m */,
			);
			path = StuckTools;
			sourceTree = "<group>";
		};
		4EFCAD5B2AF4991300BDF7ED /* Player */ = {
			isa = PBXGroup;
			children = (
				4E87CAFA2B85C8FA005D7A63 /* Decoder */,
				4E5AE5A02B70BD25004BD032 /* RenderView */,
				4E5AE59C2B6FA679004BD032 /* Model */,
				4E1191A92B6F556800A49DD1 /* ModuleInterface */,
				4EC625512B54FE8200F4CA55 /* Controller */,
				4EC625502B54FE5D00F4CA55 /* SyncModule */,
				4E5D338D2AF8E3E50049DEE1 /* JCAudioUnit.swift */,
			);
			path = Player;
			sourceTree = "<group>";
		};
		55DB5B4D934FCE0BB3AC0FA4 /* Frameworks */ = {
			isa = PBXGroup;
			children = (
				4ED421172B3DA8ED006A6C1D /* AudioToolbox.framework */,
				4ED421152B3DA8E4006A6C1D /* VideoToolbox.framework */,
				4ED421132B3DA8DA006A6C1D /* AVFoundation.framework */,
				4ED421112B3DA8D0006A6C1D /* CoreMedia.framework */,
				4ED4210F2B3DA8B8006A6C1D /* libiconv.tbd */,
				4ED4210D2B3DA8AE006A6C1D /* libbz2.tbd */,
				4ED4210B2B3DA89C006A6C1D /* libz.tbd */,
				60EE499D31F6D8017A8490C5 /* libPods-JCImage.a */,
			);
			name = Frameworks;
			sourceTree = "<group>";
		};
		89E0BD14D8AF81F3619934C6 /* Pods */ = {
			isa = PBXGroup;
			children = (
				B01D7BA44A171B01443D7564 /* Pods-JCImage.debug.xcconfig */,
				16E8C841733ED2E08BFBE8CB /* Pods-JCImage.release.xcconfig */,
			);
			path = Pods;
			sourceTree = "<group>";
		};
/* End PBXGroup section */

/* Begin PBXNativeTarget section */
		19D73A862AE94640003571E7 /* JCImage */ = {
			isa = PBXNativeTarget;
			buildConfigurationList = 19D73A9B2AE94642003571E7 /* Build configuration list for PBXNativeTarget "JCImage" */;
			buildPhases = (
				8507EAF0999004555D95B61F /* [CP] Check Pods Manifest.lock */,
				19D73A832AE94640003571E7 /* Sources */,
				19D73A842AE94640003571E7 /* Frameworks */,
				19D73A852AE94640003571E7 /* Resources */,
			);
			buildRules = (
			);
			dependencies = (
			);
			name = JCImage;
			productName = JCImage;
			productReference = 19D73A872AE94640003571E7 /* JCImage.app */;
			productType = "com.apple.product-type.application";
		};
/* End PBXNativeTarget section */

/* Begin PBXProject section */
		19D73A7F2AE94640003571E7 /* Project object */ = {
			isa = PBXProject;
			attributes = {
				BuildIndependentTargetsInParallel = 1;
				LastSwiftUpdateCheck = 1500;
				LastUpgradeCheck = 1500;
				TargetAttributes = {
					19D73A862AE94640003571E7 = {
						CreatedOnToolsVersion = 15.0;
						LastSwiftMigration = 1420;
					};
				};
			};
			buildConfigurationList = 19D73A822AE94640003571E7 /* Build configuration list for PBXProject "JCImage" */;
			compatibilityVersion = "Xcode 14.0";
			developmentRegion = en;
			hasScannedForEncodings = 0;
			knownRegions = (
				en,
				Base,
			);
			mainGroup = 19D73A7E2AE94640003571E7;
			productRefGroup = 19D73A882AE94640003571E7 /* Products */;
			projectDirPath = "";
			projectRoot = "";
			targets = (
				19D73A862AE94640003571E7 /* JCImage */,
			);
		};
/* End PBXProject section */

/* Begin PBXResourcesBuildPhase section */
		19D73A852AE94640003571E7 /* Resources */ = {
			isa = PBXResourcesBuildPhase;
			buildActionMask = 2147483647;
			files = (
				19D73A972AE94642003571E7 /* LaunchScreen.storyboard in Resources */,
				4E39F11C2AEB7DE60054BAB0 /* Akali.jpg in Resources */,
				19FEB6B22B349281001E432B /* VertexShader.vsh in Resources */,
				4E0646492B95C05400C41077 /* JCPlayerFragShader.fsh in Resources */,
				19D73A942AE94642003571E7 /* Assets.xcassets in Resources */,
				4E5AE59B2B6F8432004BD032 /* StreetScenery.mp4 in Resources */,
				4E39F11E2AEB7FB70054BAB0 /* Seraphine.jpg in Resources */,
				4E39F11A2AEB74C50054BAB0 /* Teemo.png in Resources */,
				4E39F1202AEB81A30054BAB0 /* Riven.jpg in Resources */,
				4ED445CA2B3E8EC6006A6C1D /* Fireworks.mov in Resources */,
				4E39F1222AEB81AC0054BAB0 /* Katarina.jpg in Resources */,
				4E3F3AF12B67CE060002BC47 /* EmoticonQQ.bundle in Resources */,
				4E0646472B95C03400C41077 /* JCPlayerVertexShader.vsh in Resources */,
				19FEB6B42B3492CD001E432B /* FragShader.fsh in Resources */,
				19D73A922AE94640003571E7 /* Main.storyboard in Resources */,
				4E3F3AF62B68B3170002BC47 /* Package.json in Resources */,
			);
			runOnlyForDeploymentPostprocessing = 0;
		};
/* End PBXResourcesBuildPhase section */

/* Begin PBXShellScriptBuildPhase section */
		8507EAF0999004555D95B61F /* [CP] Check Pods Manifest.lock */ = {
			isa = PBXShellScriptBuildPhase;
			buildActionMask = 2147483647;
			files = (
			);
			inputFileListPaths = (
			);
			inputPaths = (
				"${PODS_PODFILE_DIR_PATH}/Podfile.lock",
				"${PODS_ROOT}/Manifest.lock",
			);
			name = "[CP] Check Pods Manifest.lock";
			outputFileListPaths = (
			);
			outputPaths = (
				"$(DERIVED_FILE_DIR)/Pods-JCImage-checkManifestLockResult.txt",
			);
			runOnlyForDeploymentPostprocessing = 0;
			shellPath = /bin/sh;
			shellScript = "diff \"${PODS_PODFILE_DIR_PATH}/Podfile.lock\" \"${PODS_ROOT}/Manifest.lock\" > /dev/null\nif [ $? != 0 ] ; then\n    # print error to STDERR\n    echo \"error: The sandbox is not in sync with the Podfile.lock. Run 'pod install' or update your CocoaPods installation.\" >&2\n    exit 1\nfi\n# This output is used by Xcode 'outputs' to avoid re-running this script phase.\necho \"SUCCESS\" > \"${SCRIPT_OUTPUT_FILE_0}\"\n";
			showEnvVarsInLog = 0;
		};
/* End PBXShellScriptBuildPhase section */

/* Begin PBXSourcesBuildPhase section */
		19D73A832AE94640003571E7 /* Sources */ = {
			isa = PBXSourcesBuildPhase;
			buildActionMask = 2147483647;
			files = (
				4EC625542B54FE9700F4CA55 /* JCPlayerViewController.m in Sources */,
				19FEB6AF2B348D18001E432B /* JCProgramProvider.m in Sources */,
				4EA815B42B387F3C00E28F0A /* JCEAGLView.m in Sources */,
				4E5E0FE72BA2F05700FB7F9B /* JCPlayerAsynModuleDefine.m in Sources */,
				4E1C176B2B639B1100563325 /* JCComplexTableViewCell.m in Sources */,
				4E87CAFD2B85C938005D7A63 /* JCPlayerDecoder.m in Sources */,
				4E5AE5A32B70BD39004BD032 /* JCPlayerRenderView.m in Sources */,
				4E3F3AE12B679AE60002BC47 /* JCComplexTableViewAdapter.m in Sources */,
				19D73A8F2AE94640003571E7 /* ViewController.swift in Sources */,
				4E2806B92B273E5600ABFA68 /* JCSymbolParser.m in Sources */,
				4E5CDF4F2B9AFE5C003F46A0 /* JCPlayerVideoInfo.m in Sources */,
				4EBFCC6D2BA1C007008BDAE8 /* JCPlayerSyncController.m in Sources */,
				4E5D338E2AF8E3E50049DEE1 /* JCAudioUnit.swift in Sources */,
				4E1C17682B639A5B00563325 /* JCStuckViewController.m in Sources */,
				4E49CC832B6B7623007FCD06 /* JCViewHookModule.m in Sources */,
				4E3F3AE42B67C0C80002BC47 /* JCComplexTableViewCellModel.m in Sources */,
				4E2ABB5B2B3D37FA00882ECE /* JCPlayerVideoDecoder.m in Sources */,
				4ED5D1C42B445835009AD6AE /* JCStuckDetector.m in Sources */,
				4EC6254F2B54FE5500F4CA55 /* JCPlayerAudioDecoder.m in Sources */,
				4EEC9A322B20935500DBA33A /* JCStackFrameCatcher.m in Sources */,
				19D73A8B2AE94640003571E7 /* AppDelegate.swift in Sources */,
				4E49CC782B6B6B55007FCD06 /* JCFreshTableViewController.m in Sources */,
				4EAA8B412B46CFA000CE4C67 /* JCLeaksViewController.m in Sources */,
				4E5AE59F2B6FA692004BD032 /* JCPlayerVideoFrame.m in Sources */,
				4EF77CEA2BA32AED001FE31B /* JCPlayerDecoderTools.m in Sources */,
				4E2A214F2AEF79D700F4DB35 /* JCTableViewController.swift in Sources */,
				4EFAE8142B6B39B5002CC770 /* JCStuckMaker.m in Sources */,
				19D73AA52AE9786D003571E7 /* JCCommonUnit.swift in Sources */,
				19D73A8D2AE94640003571E7 /* SceneDelegate.swift in Sources */,
				4E49CC7B2B6B6CB1007FCD06 /* JCFreshTableViewAdapter.m in Sources */,
				4E3FABB02B6A3CDF0002BC47 /* JCStuckInfoStorage.m in Sources */,
				4E39F1242AEB95990054BAB0 /* JCImageTableViewCell.swift in Sources */,
				4ED08C162AECD75400E6CF4A /* JCImageLoader.swift in Sources */,
				4E3FABA82B6A23000002BC47 /* JCStuckDetectorX.m in Sources */,
				4E28E25C2B26B89000ABFA68 /* JCStackFrameProvider.swift in Sources */,
				4E7134942B15E9C9002A7DC3 /* JCGLViewController.swift in Sources */,
				4EA815B72B388AF800E28F0A /* JCProgramArena.m in Sources */,
			);
			runOnlyForDeploymentPostprocessing = 0;
		};
/* End PBXSourcesBuildPhase section */

/* Begin PBXVariantGroup section */
		19D73A902AE94640003571E7 /* Main.storyboard */ = {
			isa = PBXVariantGroup;
			children = (
				19D73A912AE94640003571E7 /* Base */,
			);
			name = Main.storyboard;
			sourceTree = "<group>";
		};
		19D73A952AE94642003571E7 /* LaunchScreen.storyboard */ = {
			isa = PBXVariantGroup;
			children = (
				19D73A962AE94642003571E7 /* Base */,
			);
			name = LaunchScreen.storyboard;
			sourceTree = "<group>";
		};
/* End PBXVariantGroup section */

/* Begin XCBuildConfiguration section */
		19D73A992AE94642003571E7 /* Debug */ = {
			isa = XCBuildConfiguration;
			buildSettings = {
				ALWAYS_SEARCH_USER_PATHS = NO;
				ASSETCATALOG_COMPILER_GENERATE_SWIFT_ASSET_SYMBOL_EXTENSIONS = YES;
				CLANG_ANALYZER_NONNULL = YES;
				CLANG_ANALYZER_NUMBER_OBJECT_CONVERSION = YES_AGGRESSIVE;
				CLANG_CXX_LANGUAGE_STANDARD = "gnu++20";
				CLANG_ENABLE_MODULES = YES;
				CLANG_ENABLE_OBJC_ARC = YES;
				CLANG_ENABLE_OBJC_WEAK = YES;
				CLANG_WARN_BLOCK_CAPTURE_AUTORELEASING = YES;
				CLANG_WARN_BOOL_CONVERSION = YES;
				CLANG_WARN_COMMA = YES;
				CLANG_WARN_CONSTANT_CONVERSION = YES;
				CLANG_WARN_DEPRECATED_OBJC_IMPLEMENTATIONS = YES;
				CLANG_WARN_DIRECT_OBJC_ISA_USAGE = YES_ERROR;
				CLANG_WARN_DOCUMENTATION_COMMENTS = YES;
				CLANG_WARN_EMPTY_BODY = YES;
				CLANG_WARN_ENUM_CONVERSION = YES;
				CLANG_WARN_INFINITE_RECURSION = YES;
				CLANG_WARN_INT_CONVERSION = YES;
				CLANG_WARN_NON_LITERAL_NULL_CONVERSION = YES;
				CLANG_WARN_OBJC_IMPLICIT_RETAIN_SELF = YES;
				CLANG_WARN_OBJC_LITERAL_CONVERSION = YES;
				CLANG_WARN_OBJC_ROOT_CLASS = YES_ERROR;
				CLANG_WARN_QUOTED_INCLUDE_IN_FRAMEWORK_HEADER = YES;
				CLANG_WARN_RANGE_LOOP_ANALYSIS = YES;
				CLANG_WARN_STRICT_PROTOTYPES = YES;
				CLANG_WARN_SUSPICIOUS_MOVE = YES;
				CLANG_WARN_UNGUARDED_AVAILABILITY = YES_AGGRESSIVE;
				CLANG_WARN_UNREACHABLE_CODE = YES;
				CLANG_WARN__DUPLICATE_METHOD_MATCH = YES;
				COPY_PHASE_STRIP = NO;
				DEBUG_INFORMATION_FORMAT = dwarf;
				ENABLE_STRICT_OBJC_MSGSEND = YES;
				ENABLE_TESTABILITY = YES;
				ENABLE_USER_SCRIPT_SANDBOXING = YES;
				GCC_C_LANGUAGE_STANDARD = gnu17;
				GCC_DYNAMIC_NO_PIC = NO;
				GCC_NO_COMMON_BLOCKS = YES;
				GCC_OPTIMIZATION_LEVEL = 0;
				GCC_PREPROCESSOR_DEFINITIONS = (
					"DEBUG=1",
					"$(inherited)",
				);
				GCC_WARN_64_TO_32_BIT_CONVERSION = YES;
				GCC_WARN_ABOUT_RETURN_TYPE = YES_ERROR;
				GCC_WARN_UNDECLARED_SELECTOR = YES;
				GCC_WARN_UNINITIALIZED_AUTOS = YES_AGGRESSIVE;
				GCC_WARN_UNUSED_FUNCTION = YES;
				GCC_WARN_UNUSED_VARIABLE = YES;
				IPHONEOS_DEPLOYMENT_TARGET = 17.0;
				LOCALIZATION_PREFERS_STRING_CATALOGS = YES;
				MTL_ENABLE_DEBUG_INFO = INCLUDE_SOURCE;
				MTL_FAST_MATH = YES;
				ONLY_ACTIVE_ARCH = YES;
				SDKROOT = iphoneos;
				SWIFT_ACTIVE_COMPILATION_CONDITIONS = "DEBUG $(inherited)";
				SWIFT_OPTIMIZATION_LEVEL = "-Onone";
			};
			name = Debug;
		};
		19D73A9A2AE94642003571E7 /* Release */ = {
			isa = XCBuildConfiguration;
			buildSettings = {
				ALWAYS_SEARCH_USER_PATHS = NO;
				ASSETCATALOG_COMPILER_GENERATE_SWIFT_ASSET_SYMBOL_EXTENSIONS = YES;
				CLANG_ANALYZER_NONNULL = YES;
				CLANG_ANALYZER_NUMBER_OBJECT_CONVERSION = YES_AGGRESSIVE;
				CLANG_CXX_LANGUAGE_STANDARD = "gnu++20";
				CLANG_ENABLE_MODULES = YES;
				CLANG_ENABLE_OBJC_ARC = YES;
				CLANG_ENABLE_OBJC_WEAK = YES;
				CLANG_WARN_BLOCK_CAPTURE_AUTORELEASING = YES;
				CLANG_WARN_BOOL_CONVERSION = YES;
				CLANG_WARN_COMMA = YES;
				CLANG_WARN_CONSTANT_CONVERSION = YES;
				CLANG_WARN_DEPRECATED_OBJC_IMPLEMENTATIONS = YES;
				CLANG_WARN_DIRECT_OBJC_ISA_USAGE = YES_ERROR;
				CLANG_WARN_DOCUMENTATION_COMMENTS = YES;
				CLANG_WARN_EMPTY_BODY = YES;
				CLANG_WARN_ENUM_CONVERSION = YES;
				CLANG_WARN_INFINITE_RECURSION = YES;
				CLANG_WARN_INT_CONVERSION = YES;
				CLANG_WARN_NON_LITERAL_NULL_CONVERSION = YES;
				CLANG_WARN_OBJC_IMPLICIT_RETAIN_SELF = YES;
				CLANG_WARN_OBJC_LITERAL_CONVERSION = YES;
				CLANG_WARN_OBJC_ROOT_CLASS = YES_ERROR;
				CLANG_WARN_QUOTED_INCLUDE_IN_FRAMEWORK_HEADER = YES;
				CLANG_WARN_RANGE_LOOP_ANALYSIS = YES;
				CLANG_WARN_STRICT_PROTOTYPES = YES;
				CLANG_WARN_SUSPICIOUS_MOVE = YES;
				CLANG_WARN_UNGUARDED_AVAILABILITY = YES_AGGRESSIVE;
				CLANG_WARN_UNREACHABLE_CODE = YES;
				CLANG_WARN__DUPLICATE_METHOD_MATCH = YES;
				COPY_PHASE_STRIP = NO;
				DEBUG_INFORMATION_FORMAT = "dwarf-with-dsym";
				ENABLE_NS_ASSERTIONS = NO;
				ENABLE_STRICT_OBJC_MSGSEND = YES;
				ENABLE_USER_SCRIPT_SANDBOXING = YES;
				GCC_C_LANGUAGE_STANDARD = gnu17;
				GCC_NO_COMMON_BLOCKS = YES;
				GCC_WARN_64_TO_32_BIT_CONVERSION = YES;
				GCC_WARN_ABOUT_RETURN_TYPE = YES_ERROR;
				GCC_WARN_UNDECLARED_SELECTOR = YES;
				GCC_WARN_UNINITIALIZED_AUTOS = YES_AGGRESSIVE;
				GCC_WARN_UNUSED_FUNCTION = YES;
				GCC_WARN_UNUSED_VARIABLE = YES;
				IPHONEOS_DEPLOYMENT_TARGET = 17.0;
				LOCALIZATION_PREFERS_STRING_CATALOGS = YES;
				MTL_ENABLE_DEBUG_INFO = NO;
				MTL_FAST_MATH = YES;
				SDKROOT = iphoneos;
				SWIFT_COMPILATION_MODE = wholemodule;
				VALIDATE_PRODUCT = YES;
			};
			name = Release;
		};
		19D73A9C2AE94642003571E7 /* Debug */ = {
			isa = XCBuildConfiguration;
			baseConfigurationReference = B01D7BA44A171B01443D7564 /* Pods-JCImage.debug.xcconfig */;
			buildSettings = {
				ASSETCATALOG_COMPILER_APPICON_NAME = AppIcon;
				ASSETCATALOG_COMPILER_GLOBAL_ACCENT_COLOR_NAME = AccentColor;
				CLANG_ENABLE_MODULES = YES;
				CODE_SIGN_STYLE = Automatic;
				CURRENT_PROJECT_VERSION = 1;
				DEBUG_INFORMATION_FORMAT = "dwarf-with-dsym";
				DEFINES_MODULE = YES;
				DEVELOPMENT_TEAM = P2VK525HWZ;
				ENABLE_USER_SCRIPT_SANDBOXING = NO;
				FRAMEWORK_SEARCH_PATHS = (
					"$(inherited)",
					"$(PROJECT_DIR)",
					"$(PROJECT_DIR)/JCImage",
				);
				GCC_PREPROCESSOR_DEFINITIONS = (
					"DEBUG=1",
					"$(inherited)",
					"GLES_SILENCE_DEPRECATION=1",
				);
				GENERATE_INFOPLIST_FILE = YES;
				HEADER_SEARCH_PATHS = (
					"$(inherited)",
					"\"${PODS_ROOT}/Headers/Public\"",
					"\"${PODS_ROOT}/Headers/Public/AFNetworking\"",
					"\"${PODS_ROOT}/Headers/Public/Aspects\"",
					"\"${PODS_ROOT}/Headers/Public/CocoaAsyncSocket\"",
					"\"${PODS_ROOT}/Headers/Public/ReactiveObjC\"",
					"\"${PODS_ROOT}/Headers/Public/SDWebImage\"",
					"\"${PODS_ROOT}/Headers/Public/YYAsyncLayer\"",
					"\"$(SRCROOT)/JCImage/FFmpeg-iOS/include\"",
				);
				INFOPLIST_FILE = JCImage/Info.plist;
				INFOPLIST_KEY_UIApplicationSupportsIndirectInputEvents = YES;
				INFOPLIST_KEY_UILaunchStoryboardName = LaunchScreen;
				INFOPLIST_KEY_UIMainStoryboardFile = Main;
				INFOPLIST_KEY_UISupportedInterfaceOrientations_iPad = "UIInterfaceOrientationPortrait UIInterfaceOrientationPortraitUpsideDown UIInterfaceOrientationLandscapeLeft UIInterfaceOrientationLandscapeRight";
				INFOPLIST_KEY_UISupportedInterfaceOrientations_iPhone = "UIInterfaceOrientationPortrait UIInterfaceOrientationLandscapeLeft UIInterfaceOrientationLandscapeRight";
				IPHONEOS_DEPLOYMENT_TARGET = 14.0;
				LD_RUNPATH_SEARCH_PATHS = (
					"$(inherited)",
					"@executable_path/Frameworks",
				);
				LIBRARY_SEARCH_PATHS = (
					"$(inherited)",
					"$(PROJECT_DIR)/JCImage/FFmpeg-iOS/lib",
				);
				MARKETING_VERSION = 1.0;
				OTHER_LDFLAGS = (
					"$(inherited)",
					"-ObjC",
					"-l\"AFNetworking\"",
					"-l\"Aspects\"",
					"-l\"CocoaAsyncSocket\"",
					"-l\"ReactiveObjC\"",
					"-l\"SDWebImage\"",
					"-l\"YYAsyncLayer\"",
					"-framework",
					"\"CFNetwork\"",
					"-framework",
					"\"CrashReporter\"",
					"-framework",
					"\"Foundation\"",
					"-framework",
					"\"ImageIO\"",
					"-framework",
					"\"QuartzCore\"",
					"-framework",
					"\"Security\"",
					"-framework",
					"\"UIKit\"",
					"-all_load",
				);
				PRODUCT_BUNDLE_IDENTIFIER = com.github.jaycehan.bit.JCImage;
				PRODUCT_NAME = "$(TARGET_NAME)";
				SUPPORTED_PLATFORMS = "iphoneos iphonesimulator";
				SUPPORTS_MACCATALYST = NO;
				SUPPORTS_MAC_DESIGNED_FOR_IPHONE_IPAD = NO;
				SWIFT_EMIT_LOC_STRINGS = YES;
				SWIFT_OBJC_BRIDGING_HEADER = "JCImage/JCImage-Bridging-Header.h";
				SWIFT_OPTIMIZATION_LEVEL = "-Onone";
				SWIFT_VERSION = 5.0;
				TARGETED_DEVICE_FAMILY = "1,2";
			};
			name = Debug;
		};
		19D73A9D2AE94642003571E7 /* Release */ = {
			isa = XCBuildConfiguration;
			baseConfigurationReference = 16E8C841733ED2E08BFBE8CB /* Pods-JCImage.release.xcconfig */;
			buildSettings = {
				ASSETCATALOG_COMPILER_APPICON_NAME = AppIcon;
				ASSETCATALOG_COMPILER_GLOBAL_ACCENT_COLOR_NAME = AccentColor;
				CLANG_ENABLE_MODULES = YES;
				CODE_SIGN_STYLE = Automatic;
				CURRENT_PROJECT_VERSION = 1;
				DEFINES_MODULE = YES;
				DEVELOPMENT_TEAM = P2VK525HWZ;
				ENABLE_USER_SCRIPT_SANDBOXING = NO;
				FRAMEWORK_SEARCH_PATHS = (
					"$(inherited)",
					"$(PROJECT_DIR)",
					"$(PROJECT_DIR)/JCImage",
				);
				GENERATE_INFOPLIST_FILE = YES;
				HEADER_SEARCH_PATHS = (
					"$(inherited)",
					"\"${PODS_ROOT}/Headers/Public\"",
					"\"${PODS_ROOT}/Headers/Public/AFNetworking\"",
					"\"${PODS_ROOT}/Headers/Public/Aspects\"",
					"\"${PODS_ROOT}/Headers/Public/CocoaAsyncSocket\"",
					"\"${PODS_ROOT}/Headers/Public/ReactiveObjC\"",
					"\"${PODS_ROOT}/Headers/Public/SDWebImage\"",
					"\"${PODS_ROOT}/Headers/Public/YYAsyncLayer\"",
					"\"$(SRCROOT)/JCImage/FFmpeg-iOS/include\"",
				);
				INFOPLIST_FILE = JCImage/Info.plist;
				INFOPLIST_KEY_UIApplicationSupportsIndirectInputEvents = YES;
				INFOPLIST_KEY_UILaunchStoryboardName = LaunchScreen;
				INFOPLIST_KEY_UIMainStoryboardFile = Main;
				INFOPLIST_KEY_UISupportedInterfaceOrientations_iPad = "UIInterfaceOrientationPortrait UIInterfaceOrientationPortraitUpsideDown UIInterfaceOrientationLandscapeLeft UIInterfaceOrientationLandscapeRight";
				INFOPLIST_KEY_UISupportedInterfaceOrientations_iPhone = "UIInterfaceOrientationPortrait UIInterfaceOrientationLandscapeLeft UIInterfaceOrientationLandscapeRight";
				IPHONEOS_DEPLOYMENT_TARGET = 14.0;
				LD_RUNPATH_SEARCH_PATHS = (
					"$(inherited)",
					"@executable_path/Frameworks",
				);
				LIBRARY_SEARCH_PATHS = (
					"$(inherited)",
					"$(PROJECT_DIR)/JCImage/FFmpeg-iOS/lib",
				);
				MARKETING_VERSION = 1.0;
				OTHER_LDFLAGS = (
					"$(inherited)",
					"-ObjC",
					"-l\"AFNetworking\"",
					"-l\"Aspects\"",
					"-l\"CocoaAsyncSocket\"",
					"-l\"ReactiveObjC\"",
					"-l\"SDWebImage\"",
					"-l\"YYAsyncLayer\"",
					"-framework",
					"\"CFNetwork\"",
					"-framework",
					"\"CrashReporter\"",
					"-framework",
					"\"Foundation\"",
					"-framework",
					"\"ImageIO\"",
					"-framework",
					"\"QuartzCore\"",
					"-framework",
					"\"Security\"",
					"-framework",
					"\"UIKit\"",
					"-all_load",
				);
				PRODUCT_BUNDLE_IDENTIFIER = com.github.jaycehan.bit.JCImage;
				PRODUCT_NAME = "$(TARGET_NAME)";
				SUPPORTED_PLATFORMS = "iphoneos iphonesimulator";
				SUPPORTS_MACCATALYST = NO;
				SUPPORTS_MAC_DESIGNED_FOR_IPHONE_IPAD = NO;
				SWIFT_EMIT_LOC_STRINGS = YES;
				SWIFT_OBJC_BRIDGING_HEADER = "JCImage/JCImage-Bridging-Header.h";
				SWIFT_VERSION = 5.0;
				TARGETED_DEVICE_FAMILY = "1,2";
			};
			name = Release;
		};
/* End XCBuildConfiguration section */

/* Begin XCConfigurationList section */
		19D73A822AE94640003571E7 /* Build configuration list for PBXProject "JCImage" */ = {
			isa = XCConfigurationList;
			buildConfigurations = (
				19D73A992AE94642003571E7 /* Debug */,
				19D73A9A2AE94642003571E7 /* Release */,
			);
			defaultConfigurationIsVisible = 0;
			defaultConfigurationName = Release;
		};
		19D73A9B2AE94642003571E7 /* Build configuration list for PBXNativeTarget "JCImage" */ = {
			isa = XCConfigurationList;
			buildConfigurations = (
				19D73A9C2AE94642003571E7 /* Debug */,
				19D73A9D2AE94642003571E7 /* Release */,
			);
			defaultConfigurationIsVisible = 0;
			defaultConfigurationName = Release;
		};
/* End XCConfigurationList section */
	};
	rootObject = 19D73A7F2AE94640003571E7 /* Project object */;
}
