// !$*UTF8*$!
{
	archiveVersion = 1;
	classes = {
	};
	objectVersion = 56;
	objects = {

/* Begin PBXBuildFile section */
		19D73A8B2AE94640003571E7 /* AppDelegate.swift in Sources */ = {isa = PBXBuildFile; fileRef = 19D73A8A2AE94640003571E7 /* AppDelegate.swift */; };
		19D73A8D2AE94640003571E7 /* SceneDelegate.swift in Sources */ = {isa = PBXBuildFile; fileRef = 19D73A8C2AE94640003571E7 /* SceneDelegate.swift */; };
		19D73A8F2AE94640003571E7 /* ViewController.swift in Sources */ = {isa = PBXBuildFile; fileRef = 19D73A8E2AE94640003571E7 /* ViewController.swift */; };
		19D73A922AE94640003571E7 /* Main.storyboard in Resources */ = {isa = PBXBuildFile; fileRef = 19D73A902AE94640003571E7 /* Main.storyboard */; };
		19D73A942AE94642003571E7 /* Assets.xcassets in Resources */ = {isa = PBXBuildFile; fileRef = 19D73A932AE94642003571E7 /* Assets.xcassets */; };
		19D73A972AE94642003571E7 /* LaunchScreen.storyboard in Resources */ = {isa = PBXBuildFile; fileRef = 19D73A952AE94642003571E7 /* LaunchScreen.storyboard */; };
		19D73AA22AE960D3003571E7 /* JCView.swift in Sources */ = {isa = PBXBuildFile; fileRef = 19D73AA12AE960D3003571E7 /* JCView.swift */; };
		19D73AA52AE9786D003571E7 /* JCCommonUnit.swift in Sources */ = {isa = PBXBuildFile; fileRef = 19D73AA42AE9786D003571E7 /* JCCommonUnit.swift */; };
		4E2A214F2AEF79D700F4DB35 /* JCTableViewController.swift in Sources */ = {isa = PBXBuildFile; fileRef = 4E2A214E2AEF79D700F4DB35 /* JCTableViewController.swift */; };
		4E2A21512AEF79E700F4DB35 /* JCTableViewCellViewModel.swift in Sources */ = {isa = PBXBuildFile; fileRef = 4E2A21502AEF79E700F4DB35 /* JCTableViewCellViewModel.swift */; };
		4E2A21532AEF79F600F4DB35 /* JCTableViewCell.swift in Sources */ = {isa = PBXBuildFile; fileRef = 4E2A21522AEF79F600F4DB35 /* JCTableViewCell.swift */; };
		4E39F11A2AEB74C50054BAB0 /* Teemo.png in Resources */ = {isa = PBXBuildFile; fileRef = 4E39F1192AEB74C50054BAB0 /* Teemo.png */; };
		4E39F11C2AEB7DE60054BAB0 /* Akali.jpg in Resources */ = {isa = PBXBuildFile; fileRef = 4E39F11B2AEB7DE60054BAB0 /* Akali.jpg */; };
		4E39F11E2AEB7FB70054BAB0 /* Seraphine.jpg in Resources */ = {isa = PBXBuildFile; fileRef = 4E39F11D2AEB7FB60054BAB0 /* Seraphine.jpg */; };
		4E39F1202AEB81A30054BAB0 /* Riven.jpg in Resources */ = {isa = PBXBuildFile; fileRef = 4E39F11F2AEB81A30054BAB0 /* Riven.jpg */; };
		4E39F1222AEB81AC0054BAB0 /* Katarina.jpg in Resources */ = {isa = PBXBuildFile; fileRef = 4E39F1212AEB81AC0054BAB0 /* Katarina.jpg */; };
		4E39F1242AEB95990054BAB0 /* JCImageTableViewCell.swift in Sources */ = {isa = PBXBuildFile; fileRef = 4E39F1232AEB95990054BAB0 /* JCImageTableViewCell.swift */; };
		4ED08C162AECD75400E6CF4A /* JCImageLoader.swift in Sources */ = {isa = PBXBuildFile; fileRef = 4ED08C152AECD75400E6CF4A /* JCImageLoader.swift */; };
/* End PBXBuildFile section */

/* Begin PBXFileReference section */
		19D73A872AE94640003571E7 /* JCImage.app */ = {isa = PBXFileReference; explicitFileType = wrapper.application; includeInIndex = 0; path = JCImage.app; sourceTree = BUILT_PRODUCTS_DIR; };
		19D73A8A2AE94640003571E7 /* AppDelegate.swift */ = {isa = PBXFileReference; lastKnownFileType = sourcecode.swift; path = AppDelegate.swift; sourceTree = "<group>"; };
		19D73A8C2AE94640003571E7 /* SceneDelegate.swift */ = {isa = PBXFileReference; lastKnownFileType = sourcecode.swift; path = SceneDelegate.swift; sourceTree = "<group>"; };
		19D73A8E2AE94640003571E7 /* ViewController.swift */ = {isa = PBXFileReference; lastKnownFileType = sourcecode.swift; path = ViewController.swift; sourceTree = "<group>"; };
		19D73A912AE94640003571E7 /* Base */ = {isa = PBXFileReference; lastKnownFileType = file.storyboard; name = Base; path = Base.lproj/Main.storyboard; sourceTree = "<group>"; };
		19D73A932AE94642003571E7 /* Assets.xcassets */ = {isa = PBXFileReference; lastKnownFileType = folder.assetcatalog; path = Assets.xcassets; sourceTree = "<group>"; };
		19D73A962AE94642003571E7 /* Base */ = {isa = PBXFileReference; lastKnownFileType = file.storyboard; name = Base; path = Base.lproj/LaunchScreen.storyboard; sourceTree = "<group>"; };
		19D73A982AE94642003571E7 /* Info.plist */ = {isa = PBXFileReference; lastKnownFileType = text.plist.xml; path = Info.plist; sourceTree = "<group>"; };
		19D73AA12AE960D3003571E7 /* JCView.swift */ = {isa = PBXFileReference; lastKnownFileType = sourcecode.swift; path = JCView.swift; sourceTree = "<group>"; };
		19D73AA42AE9786D003571E7 /* JCCommonUnit.swift */ = {isa = PBXFileReference; lastKnownFileType = sourcecode.swift; path = JCCommonUnit.swift; sourceTree = "<group>"; };
		4E2A214E2AEF79D700F4DB35 /* JCTableViewController.swift */ = {isa = PBXFileReference; lastKnownFileType = sourcecode.swift; path = JCTableViewController.swift; sourceTree = "<group>"; };
		4E2A21502AEF79E700F4DB35 /* JCTableViewCellViewModel.swift */ = {isa = PBXFileReference; lastKnownFileType = sourcecode.swift; path = JCTableViewCellViewModel.swift; sourceTree = "<group>"; };
		4E2A21522AEF79F600F4DB35 /* JCTableViewCell.swift */ = {isa = PBXFileReference; lastKnownFileType = sourcecode.swift; path = JCTableViewCell.swift; sourceTree = "<group>"; };
		4E39F1192AEB74C50054BAB0 /* Teemo.png */ = {isa = PBXFileReference; lastKnownFileType = image.png; path = Teemo.png; sourceTree = "<group>"; };
		4E39F11B2AEB7DE60054BAB0 /* Akali.jpg */ = {isa = PBXFileReference; lastKnownFileType = image.jpeg; path = Akali.jpg; sourceTree = "<group>"; };
		4E39F11D2AEB7FB60054BAB0 /* Seraphine.jpg */ = {isa = PBXFileReference; lastKnownFileType = image.jpeg; path = Seraphine.jpg; sourceTree = "<group>"; };
		4E39F11F2AEB81A30054BAB0 /* Riven.jpg */ = {isa = PBXFileReference; lastKnownFileType = image.jpeg; path = Riven.jpg; sourceTree = "<group>"; };
		4E39F1212AEB81AC0054BAB0 /* Katarina.jpg */ = {isa = PBXFileReference; lastKnownFileType = image.jpeg; path = Katarina.jpg; sourceTree = "<group>"; };
		4E39F1232AEB95990054BAB0 /* JCImageTableViewCell.swift */ = {isa = PBXFileReference; lastKnownFileType = sourcecode.swift; path = JCImageTableViewCell.swift; sourceTree = "<group>"; };
		4ED08C152AECD75400E6CF4A /* JCImageLoader.swift */ = {isa = PBXFileReference; lastKnownFileType = sourcecode.swift; path = JCImageLoader.swift; sourceTree = "<group>"; };
/* End PBXFileReference section */

/* Begin PBXFrameworksBuildPhase section */
		19D73A842AE94640003571E7 /* Frameworks */ = {
			isa = PBXFrameworksBuildPhase;
			buildActionMask = 2147483647;
			files = (
			);
			runOnlyForDeploymentPostprocessing = 0;
		};
/* End PBXFrameworksBuildPhase section */

/* Begin PBXGroup section */
		19D73A7E2AE94640003571E7 = {
			isa = PBXGroup;
			children = (
				19D73A892AE94640003571E7 /* JCImage */,
				19D73A882AE94640003571E7 /* Products */,
			);
			sourceTree = "<group>";
		};
		19D73A882AE94640003571E7 /* Products */ = {
			isa = PBXGroup;
			children = (
				19D73A872AE94640003571E7 /* JCImage.app */,
			);
			name = Products;
			sourceTree = "<group>";
		};
		19D73A892AE94640003571E7 /* JCImage */ = {
			isa = PBXGroup;
			children = (
				4E2A214D2AEF79C100F4DB35 /* View */,
				4E39F1182AEB74BB0054BAB0 /* Resource */,
				19D73AA32AE97855003571E7 /* Unit */,
				19D73AA02AE960BD003571E7 /* Image */,
				19D73A8A2AE94640003571E7 /* AppDelegate.swift */,
				19D73A8C2AE94640003571E7 /* SceneDelegate.swift */,
				19D73A8E2AE94640003571E7 /* ViewController.swift */,
				19D73A902AE94640003571E7 /* Main.storyboard */,
				19D73A932AE94642003571E7 /* Assets.xcassets */,
				19D73A952AE94642003571E7 /* LaunchScreen.storyboard */,
				19D73A982AE94642003571E7 /* Info.plist */,
			);
			path = JCImage;
			sourceTree = "<group>";
		};
		19D73AA02AE960BD003571E7 /* Image */ = {
			isa = PBXGroup;
			children = (
				19D73AA12AE960D3003571E7 /* JCView.swift */,
				4E39F1232AEB95990054BAB0 /* JCImageTableViewCell.swift */,
				4ED08C152AECD75400E6CF4A /* JCImageLoader.swift */,
			);
			path = Image;
			sourceTree = "<group>";
		};
		19D73AA32AE97855003571E7 /* Unit */ = {
			isa = PBXGroup;
			children = (
				19D73AA42AE9786D003571E7 /* JCCommonUnit.swift */,
			);
			path = Unit;
			sourceTree = "<group>";
		};
		4E2A214D2AEF79C100F4DB35 /* View */ = {
			isa = PBXGroup;
			children = (
				4E2A214E2AEF79D700F4DB35 /* JCTableViewController.swift */,
				4E2A21502AEF79E700F4DB35 /* JCTableViewCellViewModel.swift */,
				4E2A21522AEF79F600F4DB35 /* JCTableViewCell.swift */,
			);
			path = View;
			sourceTree = "<group>";
		};
		4E39F1182AEB74BB0054BAB0 /* Resource */ = {
			isa = PBXGroup;
			children = (
				4E39F11F2AEB81A30054BAB0 /* Riven.jpg */,
				4E39F11D2AEB7FB60054BAB0 /* Seraphine.jpg */,
				4E39F11B2AEB7DE60054BAB0 /* Akali.jpg */,
				4E39F1192AEB74C50054BAB0 /* Teemo.png */,
				4E39F1212AEB81AC0054BAB0 /* Katarina.jpg */,
			);
			path = Resource;
			sourceTree = "<group>";
		};
/* End PBXGroup section */

/* Begin PBXNativeTarget section */
		19D73A862AE94640003571E7 /* JCImage */ = {
			isa = PBXNativeTarget;
			buildConfigurationList = 19D73A9B2AE94642003571E7 /* Build configuration list for PBXNativeTarget "JCImage" */;
			buildPhases = (
				19D73A832AE94640003571E7 /* Sources */,
				19D73A842AE94640003571E7 /* Frameworks */,
				19D73A852AE94640003571E7 /* Resources */,
			);
			buildRules = (
			);
			dependencies = (
			);
			name = JCImage;
			productName = JCImage;
			productReference = 19D73A872AE94640003571E7 /* JCImage.app */;
			productType = "com.apple.product-type.application";
		};
/* End PBXNativeTarget section */

/* Begin PBXProject section */
		19D73A7F2AE94640003571E7 /* Project object */ = {
			isa = PBXProject;
			attributes = {
				BuildIndependentTargetsInParallel = 1;
				LastSwiftUpdateCheck = 1500;
				LastUpgradeCheck = 1500;
				TargetAttributes = {
					19D73A862AE94640003571E7 = {
						CreatedOnToolsVersion = 15.0;
					};
				};
			};
			buildConfigurationList = 19D73A822AE94640003571E7 /* Build configuration list for PBXProject "JCImage" */;
			compatibilityVersion = "Xcode 14.0";
			developmentRegion = en;
			hasScannedForEncodings = 0;
			knownRegions = (
				en,
				Base,
			);
			mainGroup = 19D73A7E2AE94640003571E7;
			productRefGroup = 19D73A882AE94640003571E7 /* Products */;
			projectDirPath = "";
			projectRoot = "";
			targets = (
				19D73A862AE94640003571E7 /* JCImage */,
			);
		};
/* End PBXProject section */

/* Begin PBXResourcesBuildPhase section */
		19D73A852AE94640003571E7 /* Resources */ = {
			isa = PBXResourcesBuildPhase;
			buildActionMask = 2147483647;
			files = (
				19D73A972AE94642003571E7 /* LaunchScreen.storyboard in Resources */,
				4E39F11C2AEB7DE60054BAB0 /* Akali.jpg in Resources */,
				19D73A942AE94642003571E7 /* Assets.xcassets in Resources */,
				4E39F11E2AEB7FB70054BAB0 /* Seraphine.jpg in Resources */,
				4E39F11A2AEB74C50054BAB0 /* Teemo.png in Resources */,
				4E39F1202AEB81A30054BAB0 /* Riven.jpg in Resources */,
				4E39F1222AEB81AC0054BAB0 /* Katarina.jpg in Resources */,
				19D73A922AE94640003571E7 /* Main.storyboard in Resources */,
			);
			runOnlyForDeploymentPostprocessing = 0;
		};
/* End PBXResourcesBuildPhase section */

/* Begin PBXSourcesBuildPhase section */
		19D73A832AE94640003571E7 /* Sources */ = {
			isa = PBXSourcesBuildPhase;
			buildActionMask = 2147483647;
			files = (
				19D73A8F2AE94640003571E7 /* ViewController.swift in Sources */,
				19D73A8B2AE94640003571E7 /* AppDelegate.swift in Sources */,
				4E2A214F2AEF79D700F4DB35 /* JCTableViewController.swift in Sources */,
				19D73AA52AE9786D003571E7 /* JCCommonUnit.swift in Sources */,
				4E2A21532AEF79F600F4DB35 /* JCTableViewCell.swift in Sources */,
				19D73A8D2AE94640003571E7 /* SceneDelegate.swift in Sources */,
				4E2A21512AEF79E700F4DB35 /* JCTableViewCellViewModel.swift in Sources */,
				4E39F1242AEB95990054BAB0 /* JCImageTableViewCell.swift in Sources */,
				4ED08C162AECD75400E6CF4A /* JCImageLoader.swift in Sources */,
				19D73AA22AE960D3003571E7 /* JCView.swift in Sources */,
			);
			runOnlyForDeploymentPostprocessing = 0;
		};
/* End PBXSourcesBuildPhase section */

/* Begin PBXVariantGroup section */
		19D73A902AE94640003571E7 /* Main.storyboard */ = {
			isa = PBXVariantGroup;
			children = (
				19D73A912AE94640003571E7 /* Base */,
			);
			name = Main.storyboard;
			sourceTree = "<group>";
		};
		19D73A952AE94642003571E7 /* LaunchScreen.storyboard */ = {
			isa = PBXVariantGroup;
			children = (
				19D73A962AE94642003571E7 /* Base */,
			);
			name = LaunchScreen.storyboard;
			sourceTree = "<group>";
		};
/* End PBXVariantGroup section */

/* Begin XCBuildConfiguration section */
		19D73A992AE94642003571E7 /* Debug */ = {
			isa = XCBuildConfiguration;
			buildSettings = {
				ALWAYS_SEARCH_USER_PATHS = NO;
				ASSETCATALOG_COMPILER_GENERATE_SWIFT_ASSET_SYMBOL_EXTENSIONS = YES;
				CLANG_ANALYZER_NONNULL = YES;
				CLANG_ANALYZER_NUMBER_OBJECT_CONVERSION = YES_AGGRESSIVE;
				CLANG_CXX_LANGUAGE_STANDARD = "gnu++20";
				CLANG_ENABLE_MODULES = YES;
				CLANG_ENABLE_OBJC_ARC = YES;
				CLANG_ENABLE_OBJC_WEAK = YES;
				CLANG_WARN_BLOCK_CAPTURE_AUTORELEASING = YES;
				CLANG_WARN_BOOL_CONVERSION = YES;
				CLANG_WARN_COMMA = YES;
				CLANG_WARN_CONSTANT_CONVERSION = YES;
				CLANG_WARN_DEPRECATED_OBJC_IMPLEMENTATIONS = YES;
				CLANG_WARN_DIRECT_OBJC_ISA_USAGE = YES_ERROR;
				CLANG_WARN_DOCUMENTATION_COMMENTS = YES;
				CLANG_WARN_EMPTY_BODY = YES;
				CLANG_WARN_ENUM_CONVERSION = YES;
				CLANG_WARN_INFINITE_RECURSION = YES;
				CLANG_WARN_INT_CONVERSION = YES;
				CLANG_WARN_NON_LITERAL_NULL_CONVERSION = YES;
				CLANG_WARN_OBJC_IMPLICIT_RETAIN_SELF = YES;
				CLANG_WARN_OBJC_LITERAL_CONVERSION = YES;
				CLANG_WARN_OBJC_ROOT_CLASS = YES_ERROR;
				CLANG_WARN_QUOTED_INCLUDE_IN_FRAMEWORK_HEADER = YES;
				CLANG_WARN_RANGE_LOOP_ANALYSIS = YES;
				CLANG_WARN_STRICT_PROTOTYPES = YES;
				CLANG_WARN_SUSPICIOUS_MOVE = YES;
				CLANG_WARN_UNGUARDED_AVAILABILITY = YES_AGGRESSIVE;
				CLANG_WARN_UNREACHABLE_CODE = YES;
				CLANG_WARN__DUPLICATE_METHOD_MATCH = YES;
				COPY_PHASE_STRIP = NO;
				DEBUG_INFORMATION_FORMAT = dwarf;
				ENABLE_STRICT_OBJC_MSGSEND = YES;
				ENABLE_TESTABILITY = YES;
				ENABLE_USER_SCRIPT_SANDBOXING = YES;
				GCC_C_LANGUAGE_STANDARD = gnu17;
				GCC_DYNAMIC_NO_PIC = NO;
				GCC_NO_COMMON_BLOCKS = YES;
				GCC_OPTIMIZATION_LEVEL = 0;
				GCC_PREPROCESSOR_DEFINITIONS = (
					"DEBUG=1",
					"$(inherited)",
				);
				GCC_WARN_64_TO_32_BIT_CONVERSION = YES;
				GCC_WARN_ABOUT_RETURN_TYPE = YES_ERROR;
				GCC_WARN_UNDECLARED_SELECTOR = YES;
				GCC_WARN_UNINITIALIZED_AUTOS = YES_AGGRESSIVE;
				GCC_WARN_UNUSED_FUNCTION = YES;
				GCC_WARN_UNUSED_VARIABLE = YES;
				IPHONEOS_DEPLOYMENT_TARGET = 17.0;
				LOCALIZATION_PREFERS_STRING_CATALOGS = YES;
				MTL_ENABLE_DEBUG_INFO = INCLUDE_SOURCE;
				MTL_FAST_MATH = YES;
				ONLY_ACTIVE_ARCH = YES;
				SDKROOT = iphoneos;
				SWIFT_ACTIVE_COMPILATION_CONDITIONS = "DEBUG $(inherited)";
				SWIFT_OPTIMIZATION_LEVEL = "-Onone";
			};
			name = Debug;
		};
		19D73A9A2AE94642003571E7 /* Release */ = {
			isa = XCBuildConfiguration;
			buildSettings = {
				ALWAYS_SEARCH_USER_PATHS = NO;
				ASSETCATALOG_COMPILER_GENERATE_SWIFT_ASSET_SYMBOL_EXTENSIONS = YES;
				CLANG_ANALYZER_NONNULL = YES;
				CLANG_ANALYZER_NUMBER_OBJECT_CONVERSION = YES_AGGRESSIVE;
				CLANG_CXX_LANGUAGE_STANDARD = "gnu++20";
				CLANG_ENABLE_MODULES = YES;
				CLANG_ENABLE_OBJC_ARC = YES;
				CLANG_ENABLE_OBJC_WEAK = YES;
				CLANG_WARN_BLOCK_CAPTURE_AUTORELEASING = YES;
				CLANG_WARN_BOOL_CONVERSION = YES;
				CLANG_WARN_COMMA = YES;
				CLANG_WARN_CONSTANT_CONVERSION = YES;
				CLANG_WARN_DEPRECATED_OBJC_IMPLEMENTATIONS = YES;
				CLANG_WARN_DIRECT_OBJC_ISA_USAGE = YES_ERROR;
				CLANG_WARN_DOCUMENTATION_COMMENTS = YES;
				CLANG_WARN_EMPTY_BODY = YES;
				CLANG_WARN_ENUM_CONVERSION = YES;
				CLANG_WARN_INFINITE_RECURSION = YES;
				CLANG_WARN_INT_CONVERSION = YES;
				CLANG_WARN_NON_LITERAL_NULL_CONVERSION = YES;
				CLANG_WARN_OBJC_IMPLICIT_RETAIN_SELF = YES;
				CLANG_WARN_OBJC_LITERAL_CONVERSION = YES;
				CLANG_WARN_OBJC_ROOT_CLASS = YES_ERROR;
				CLANG_WARN_QUOTED_INCLUDE_IN_FRAMEWORK_HEADER = YES;
				CLANG_WARN_RANGE_LOOP_ANALYSIS = YES;
				CLANG_WARN_STRICT_PROTOTYPES = YES;
				CLANG_WARN_SUSPICIOUS_MOVE = YES;
				CLANG_WARN_UNGUARDED_AVAILABILITY = YES_AGGRESSIVE;
				CLANG_WARN_UNREACHABLE_CODE = YES;
				CLANG_WARN__DUPLICATE_METHOD_MATCH = YES;
				COPY_PHASE_STRIP = NO;
				DEBUG_INFORMATION_FORMAT = "dwarf-with-dsym";
				ENABLE_NS_ASSERTIONS = NO;
				ENABLE_STRICT_OBJC_MSGSEND = YES;
				ENABLE_USER_SCRIPT_SANDBOXING = YES;
				GCC_C_LANGUAGE_STANDARD = gnu17;
				GCC_NO_COMMON_BLOCKS = YES;
				GCC_WARN_64_TO_32_BIT_CONVERSION = YES;
				GCC_WARN_ABOUT_RETURN_TYPE = YES_ERROR;
				GCC_WARN_UNDECLARED_SELECTOR = YES;
				GCC_WARN_UNINITIALIZED_AUTOS = YES_AGGRESSIVE;
				GCC_WARN_UNUSED_FUNCTION = YES;
				GCC_WARN_UNUSED_VARIABLE = YES;
				IPHONEOS_DEPLOYMENT_TARGET = 17.0;
				LOCALIZATION_PREFERS_STRING_CATALOGS = YES;
				MTL_ENABLE_DEBUG_INFO = NO;
				MTL_FAST_MATH = YES;
				SDKROOT = iphoneos;
				SWIFT_COMPILATION_MODE = wholemodule;
				VALIDATE_PRODUCT = YES;
			};
			name = Release;
		};
		19D73A9C2AE94642003571E7 /* Debug */ = {
			isa = XCBuildConfiguration;
			buildSettings = {
				ASSETCATALOG_COMPILER_APPICON_NAME = AppIcon;
				ASSETCATALOG_COMPILER_GLOBAL_ACCENT_COLOR_NAME = AccentColor;
				CODE_SIGN_STYLE = Automatic;
				CURRENT_PROJECT_VERSION = 1;
				DEVELOPMENT_TEAM = P2VK525HWZ;
				GENERATE_INFOPLIST_FILE = YES;
				INFOPLIST_FILE = JCImage/Info.plist;
				INFOPLIST_KEY_UIApplicationSupportsIndirectInputEvents = YES;
				INFOPLIST_KEY_UILaunchStoryboardName = LaunchScreen;
				INFOPLIST_KEY_UIMainStoryboardFile = Main;
				INFOPLIST_KEY_UISupportedInterfaceOrientations_iPad = "UIInterfaceOrientationPortrait UIInterfaceOrientationPortraitUpsideDown UIInterfaceOrientationLandscapeLeft UIInterfaceOrientationLandscapeRight";
				INFOPLIST_KEY_UISupportedInterfaceOrientations_iPhone = "UIInterfaceOrientationPortrait UIInterfaceOrientationLandscapeLeft UIInterfaceOrientationLandscapeRight";
				IPHONEOS_DEPLOYMENT_TARGET = 14.0;
				LD_RUNPATH_SEARCH_PATHS = (
					"$(inherited)",
					"@executable_path/Frameworks",
				);
				MARKETING_VERSION = 1.0;
				PRODUCT_BUNDLE_IDENTIFIER = com.github.jaycehan.bit.JCImage;
				PRODUCT_NAME = "$(TARGET_NAME)";
				SWIFT_EMIT_LOC_STRINGS = YES;
				SWIFT_VERSION = 5.0;
				TARGETED_DEVICE_FAMILY = "1,2";
			};
			name = Debug;
		};
		19D73A9D2AE94642003571E7 /* Release */ = {
			isa = XCBuildConfiguration;
			buildSettings = {
				ASSETCATALOG_COMPILER_APPICON_NAME = AppIcon;
				ASSETCATALOG_COMPILER_GLOBAL_ACCENT_COLOR_NAME = AccentColor;
				CODE_SIGN_STYLE = Automatic;
				CURRENT_PROJECT_VERSION = 1;
				DEVELOPMENT_TEAM = P2VK525HWZ;
				GENERATE_INFOPLIST_FILE = YES;
				INFOPLIST_FILE = JCImage/Info.plist;
				INFOPLIST_KEY_UIApplicationSupportsIndirectInputEvents = YES;
				INFOPLIST_KEY_UILaunchStoryboardName = LaunchScreen;
				INFOPLIST_KEY_UIMainStoryboardFile = Main;
				INFOPLIST_KEY_UISupportedInterfaceOrientations_iPad = "UIInterfaceOrientationPortrait UIInterfaceOrientationPortraitUpsideDown UIInterfaceOrientationLandscapeLeft UIInterfaceOrientationLandscapeRight";
				INFOPLIST_KEY_UISupportedInterfaceOrientations_iPhone = "UIInterfaceOrientationPortrait UIInterfaceOrientationLandscapeLeft UIInterfaceOrientationLandscapeRight";
				IPHONEOS_DEPLOYMENT_TARGET = 14.0;
				LD_RUNPATH_SEARCH_PATHS = (
					"$(inherited)",
					"@executable_path/Frameworks",
				);
				MARKETING_VERSION = 1.0;
				PRODUCT_BUNDLE_IDENTIFIER = com.github.jaycehan.bit.JCImage;
				PRODUCT_NAME = "$(TARGET_NAME)";
				SWIFT_EMIT_LOC_STRINGS = YES;
				SWIFT_VERSION = 5.0;
				TARGETED_DEVICE_FAMILY = "1,2";
			};
			name = Release;
		};
/* End XCBuildConfiguration section */

/* Begin XCConfigurationList section */
		19D73A822AE94640003571E7 /* Build configuration list for PBXProject "JCImage" */ = {
			isa = XCConfigurationList;
			buildConfigurations = (
				19D73A992AE94642003571E7 /* Debug */,
				19D73A9A2AE94642003571E7 /* Release */,
			);
			defaultConfigurationIsVisible = 0;
			defaultConfigurationName = Release;
		};
		19D73A9B2AE94642003571E7 /* Build configuration list for PBXNativeTarget "JCImage" */ = {
			isa = XCConfigurationList;
			buildConfigurations = (
				19D73A9C2AE94642003571E7 /* Debug */,
				19D73A9D2AE94642003571E7 /* Release */,
			);
			defaultConfigurationIsVisible = 0;
			defaultConfigurationName = Release;
		};
/* End XCConfigurationList section */
	};
	rootObject = 19D73A7F2AE94640003571E7 /* Project object */;
}
